sdfbsjd;fjsdkfjsdfbsjd;fjsdkfjsdfbsjd;fjsdkfjsdfbsjd;fjsdkfjsdfbsjd;fjsdkfjsdfbsjd;fjsdkfjsdfbsjd;fjsdkfjsdfbsjd;fjsdkfjsdfbsjd;fjsdkfjsdfbsjd;fjsdkfjsdfbsjd;fjsdkfjsdfbsjd;fjsdkfjsdfbsjd;fjsdkfjsdfbsjd;fjsdkfjsdfbsjd;fjsdkfjsdfbsjd;fjsdkfjsdfbsjd;fjsdkfjsdfbsjd;fjsdkfjsdfbsjd;fjsdkfjsdfbsjd;fjsdkfjsdfbsjd;fjsdkfjsdfbsjd;fjsdkfjsdfbsjd;fjsdkfjsdfbsjd;fjsdkfjsdfbsjd;fjsdkfjsdfbsjd;fjsdkfjsdfbsjd;fjsdkfjsdfbsjd;fjsdkfjsdfbsjd;fjsdkfjsdfbsjd;fjsdkfjsdfbsjd;fjsdkfjsdfbsjd;fjsdkfjsdfbsjd;fjsdkfjsdfbsjd;fjsdkfjsdfbsjd;fjsdkfjsdfbsjd;fjsdkfjsdfbsjd;fjsdkfjsdfbsjd;fjsdkfjsdfbsjd;fjsdkfjsdfbsjd;fjsdkfjsdfbsjd;fjsdkfjsdfbsjd;fjsdkfjsdfbsjd;fjsdkfjsdfbsjd;fjsdkfjsdfbsjd;fjsdkfjsdfbsjd;fjsdkfjsdfbsjd;fjsdkfjsdfbsjd;fjsdkfjsdfbsjd;fjsdkfjsdfbsjd;fjsdkfjsdfbsjd;fjsdkfjsdfbsjd;fjsdkfjsdfbsjd;fjsdkfjsdfbsjd;fjsdkfjsdfbsjd;fjsdkfjsdfbsjd;fjsdkfjsdfbsjd;fjsdkfjsdfbsjd;fjsdkfjsdfbsjd;fjsdkfjsdfbsjd;fjsdkfjsdfbsjd;fjsdkfjsdfbsjd;fjsdkfjsdfbsjd;fjsdkfjsdfbsjd;fjsdkfjsdfbsjd;fjsdkfjsdfbsjd;fjsdkfjsdfbsjd;fjsdkfjsdfbsjd;fjsdkfjsdfbsjd;fjsdkfjsdfbsjd;fjsdkfjsdfbsjd;fjsdkfjsdfbsjd;fjsdkfjsdfbsjd;fjsdkfjsdfbsjd;fjsdkfjsdfbsjd;fjsdkfjsdfbsjd;fjsdkfjsdfbsjd;fjsdkfjsdfbsjd;fjsdkfjsdfbsjd;fjsdkfjsdfbsjd;fjsdkfjsdfbsjd;fjsdkfjsdfbsjd;fjsdkfjsdfbsjd;fjsdkfjsdfbsjd;fjsdkfjsdfbsjd;fjsdkfjsdfbsjd;fjsdkfjsdfbsjd;fjsdkfjsdfbsjd;fjsdkfjsdfbsjd;fjsdkfjsdfbsjd;fjsdkfjsdfbsjd;fjsdkfjsdfbsjd;fjsdkfjsdfbsjd;fjsdkfjsdfbsjd;fjsdkfjsdfbsjd;fjsdkfjsdfbsjd;fjsdkfjsdfbsjd;fjsdkfjsdfbsjd;fjsdkfjsdfbsjd;fjsdkfjsdfbsjd;fjsdkfjsdfbsjd;fjsdkfjsdfbsjd;fjsdkfjsdfbsjd;fjsdkfjsdfbsjd;fjsdkfjsdfbsjd;fjsdkfjsdfbsjd;fjsdkfjsdfbsjd;fjsdkfjsdfbsjd;fjsdkfjsdfbsjd;fjsdkfjsdfbsjd;fjsdkfjsdfbsjd;fjsdkfjsdfbsjd;fjsdkfjsdfbsjd;fjsdkfjsdfbsjd;fjsdkfjsdfbsjd;fjsdkfjsdfbsjd;fjsdkfjsdfbsjd;fjsdkfjsdfbsjd;fjsdkfjsdfbsjd;fjsdkfjsdfbsjd;fjsdkfjsdfbsjd;fjsdkfjsdfbsjd;fjsdkfjsdfbsjd;fjsdkfjsdfbsjd;fjsdkfjsdfbsjd;fjsdkfjsdfbsjd;fjsdkfjsdfbsjd;fjsdkfjsdfbsjd;fjsdkfjsdfbsjd;fjsdkfjsdfbsjd;fjsdkfjsdfbsjd;fjsdkfjsdfbsjd;fjsdkfjsdfbsjd;fjsdkfjsdfbsjd;fjsdkfjsdfbsjd;fjsdkfjsdfbsjd;fjsdkfjsdfbsjd;fjsdkfjsdfbsjd;fjsdkfjsdfbsjd;fjsdkfjsdfbsjd;fjsdkfjsdfbsjd;fjsdkfjsdfbsjd;fjsdkfjsdfbsjd;fjsdkfjsdfbsjd;fjsdkfjsdfbsjd;fjsdkfjsdfbsjd;fjsdkfjsdfbsjd;fjsdkfjsdfbsjd;fjsdkfjsdfbsjd;fjsdkfjsdfbsjd;fjsdkfjsdfbsjd;fjsdkfjsdfbsjd;fjsdkfjsdfbsjd;fjsdkfjsdfbsjd;fjsdkfjsdfbsjd;fjsdkfjsdfbsjd;fjsdkfjsdfbsjd;fjsdkfjsdfbsjd;fjsdkfjsdfbsjd;fjsdkfjsdfbsjd;fjsdkfjsdfbsjd;fjsdkfjsdfbsjd;fjsdkfjsdfbsjd;fjsdkfjsdfbsjd;fjsdkfjsdfbsjd;fjsdkfjsdfbsjd;fjsdkfjsdfbsjd;fjsdkfjsdfbsjd;fjsdkfjsdfbsjd;fjsdkfjsdfbsjd;fjsdkfjsdfbsjd;fjsdkfjsdfbsjd;fjsdkfjsdfbsjd;fjsdkfjsdfbsjd;fjsdkfjsdfbsjd;fjsdkfjsdfbsjd;fjsdkfjsdfbsjd;fjsdkfjsdfbsjd;fjsdkfjsdfbsjd;fjsdkfjsdfbsjd;fjsdkfjsdfbsjd;fjsdkfjsdfbsjd;fjsdkfjsdfbsjd;fjsdkfjsdfbsjd;fjsdkfjsdfbsjd;fjsdkfjsdfbsjd;fjsdkfjsdfbsjd;fjsdkfjsdfbsjd;fjsdkfjsdfbsjd;fjsdkfjsdfbsjd;fjsdkfjsdfbsjd;fjsdkfjsdfbsjd;fjsdkfjsdfbsjd;fjsdkfjsdfbsjd;fjsdkfjsdfbsjd;fjsdkfjsdfbsjd;fjsdkfjsdfbsjd;fjsdkfjsdfbsjd;fjsdkfjsdfbsjd;fjsdkfjsdfbsjd;fjsdkfjsdfbsjd;fjsdkfjsdfbsjd;fjsdkfjsdfbsjd;fjsdkfjsdfbsjd;fjsdkfjsdfbsjd;fjsdkfjsdfbsjd;fjsdkfjsdfbsjd;fjsdkfjsdfbsjd;fjsdkfjsdfbsjd;fjsdkfjsdfbsjd;fjsdkfjsdfbsjd;fjsdkfjsdfbsjd;fjsdkfjsdfbsjd;fjsdkfjsdfbsjd;fjsdkfjsdfbsjd;fjsdkfjsdfbsjd;fjsdkfjsdfbsjd;fjsdkfjsdfbsjd;fjsdkfjsdfbsjd;fjsdkfjsdfbsjd;fjsdkfjsdfbsjd;fjsdkfjsdfbsjd;fjsdkfjsdfbsjd;fjsdkfjsdfbsjd;fjsdkfjsdfbsjd;fjsdkfjsdfbsjd;fjsdkfjsdfbsjd;fjsdkfjsdfbsjd;fjsdkfjsdfbsjd;fjsdkfjsdfbsjd;fjsdkfjsdfbsjd;fjsdkfjsdfbsjd;fjsdkfjsdfbsjd;fjsdkfjsdfbsjd;fjsdkfjsdfbsjd;fjsdkfjsdfbsjd;fjsdkfjsdfbsjd;fjsdkfjsdfbsjd;fjsdkfjsdfbsjd;fjsdkfjsdfbsjd;fjsdkfjsdfbsjd;fjsdkfjsdfbsjd;fjsdkfjsdfbsjd;fjsdkfjsdfbsjd;fjsdkfjsdfbsjd;fjsdkfjsdfbsjd;fjsdkfjsdfbsjd;fjsdkfjsdfbsjd;fjsdkfjsdfbsjd;fjsdkfjsdfbsjd;fjsdkfjsdfbsjd;fjsdkfjsdfbsjd;fjsdkfjsdfbsjd;fjsdkfjsdfbsjd;fjsdkfjsdfbsjd;fjsdkfjsdfbsjd;fjsdkfjsdfbsjd;fjsdkfjsdfbsjd;fjsdkfjsdfbsjd;fjsdkfjsdfbsjd;fjsdkfjsdfbsjd;fjsdkfjsdfbsjd;fjsdkfjsdfbsjd;fjsdkfjsdfbsjd;fjsdkfjsdfbsjd;fjsdkfjsdfbsjd;fjsdkfjsdfbsjd;fjsdkfjsdfbsjd;fjsdkfjsdfbsjd;fjsdkfjsdfbsjd;fjsdkfjsdfbsjd;fjsdkfjsdfbsjd;fjsdkfjsdfbsjd;fjsdkfjsdfbsjd;fjsdkfjsdfbsjd;fjsdkfjsdfbsjd;fjsdkfjsdfbsjd;fjsdkfjsdfbsjd;fjsdkfjsdfbsjd;fjsdkfjsdfbsjd;fjsdkfjsdfbsjd;fjsdkfjsdfbsjd;fjsdkfjsdfbsjd;fjsdkfjsdfbsjd;fjsdkfjsdfbsjd;fjsdkfjsdfbsjd;fjsdkfjsdfbsjd;fjsdkfjsdfbsjd;fjsdkfjsdfbsjd;fjsdkfjsdfbsjd;fjsdkfjsdfbsjd;fjsdkfjsdfbsjd;fjsdkfjsdfbsjd;fjsdkfjsdfbsjd;fjsdkfjsdfbsjd;fjsdkfjsdfbsjd;fjsdkfjsdfbsjd;fjsdkfjsdfbsjd;fjsdkfjsdfbsjd;fjsdkfjsdfbsjd;fjsdkfjsdfbsjd;fjsdkfjsdfbsjd;fjsdkfjsdfbsjd;fjsdkfjsdfbsjd;fjsdkfjsdfbsjd;fjsdkfjsdfbsjd;fjsdkfjsdfbsjd;fjsdkfjsdfbsjd;fjsdkfjsdfbsjd;fjsdkfjsdfbsjd;fjsdkfjsdfbsjd;fjsdkfjsdfbsjd;fjsdkfjsdfbsjd;fjsdkfjsdfbsjd;fjsdkfjsdfbsjd;fjsdkfjsdfbsjd;fjsdkfjsdfbsjd;fjsdkfjsdfbsjd;fjsdkfjsdfbsjd;fjsdkfjsdfbsjd;fjsdkfjsdfbsjd;fjsdkfjsdfbsjd;fjsdkfjsdfbsjd;fjsdkfjsdfbsjd;fjsdkfjsdfbsjd;fjsdkfjsdfbsjd;fjsdkfjsdfbsjd;fjsdkfjsdfbsjd;fjsdkfjsdfbsjd;fjsdkfjsdfbsjd;fjsdkfjsdfbsjd;fjsdkfjsdfbsjd;fjsdkfjsdfbsjd;fjsdkfjsdfbsjd;fjsdkfjsdfbsjd;fjsdkfjsdfbsjd;fjsdkfjsdfbsjd;fjsdkfjsdfbsjd;fjsdkfjsdfbsjd;fjsdkfjsdfbsjd;fjsdkfjsdfbsjd;fjsdkfjsdfbsjd;fjsdkfjsdfbsjd;fjsdkfjsdfbsjd;fjsdkfjsdfbsjd;fjsdkfjsdfbsjd;fjsdkfjsdfbsjd;fjsdkfjsdfbsjd;fjsdkfjsdfbsjd;fjsdkfjsdfbsjd;fjsdkfjsdfbsjd;fjsdkfjsdfbsjd;fjsdkfjsdfbsjd;fjsdkfjsdfbsjd;fjsdkfjsdfbsjd;fjsdkfjsdfbsjd;fjsdkfjsdfbsjd;fjsdkfjsdfbsjd;fjsdkfjsdfbsjd;fjsdkfjsdfbsjd;fjsdkfjsdfbsjd;fjsdkfjsdfbsjd;fjsdkfjsdfbsjd;fjsdkfjsdfbsjd;fjsdkfjsdfbsjd;fjsdkfjsdfbsjd;fjsdkfjsdfbsjd;fjsdkfjsdfbsjd;fjsdkfjsdfbsjd;fjsdkfjsdfbsjd;fjsdkfjsdfbsjd;fjsdkfjsdfbsjd;fjsdkfjsdfbsjd;fjsdkfjsdfbsjd;fjsdkfjsdfbsjd;fjsdkfjsdfbsjd;fjsdkfjsdfbsjd;fjsdkfjsdfbsjd;fjsdkfjsdfbsjd;fjsdkfjsdfbsjd;fjsdkfjsdfbsjd;fjsdkfjsdfbsjd;fjsdkfjsdfbsjd;fjsdkfjsdfbsjd;fjsdkfjsdfbsjd;fjsdkfjsdfbsjd;fjsdkfjsdfbsjd;fjsdkfjsdfbsjd;fjsdkfjsdfbsjd;fjsdkfjsdfbsjd;fjsdkfjsdfbsjd;fjsdkfjsdfbsjd;fjsdkfjsdfbsjd;fjsdkfjsdfbsjd;fjsdkfjsdfbsjd;fjsdkfjsdfbsjd;fjsdkfjsdfbsjd;fjsdkfjsdfbsjd;fjsdkfjsdfbsjd;fjsdkfjsdfbsjd;fjsdkfjsdfbsjd;fjsdkfjsdfbsjd;fjsdkfjsdfbsjd;fjsdkfjsdfbsjd;fjsdkfjsdfbsjd;fjsdkfjsdfbsjd;fjsdkfjsdfbsjd;fjsdkfjsdfbsjd;fjsdkfjsdfbsjd;fjsdkfjsdfbsjd;fjsdkfjsdfbsjd;fjsdkfjsdfbsjd;fjsdkfjsdfbsjd;fjsdkfjsdfbsjd;fjsdkfjsdfbsjd;fjsdkfjsdfbsjd;fjsdkfjsdfbsjd;fjsdkfjsdfbsjd;fjsdkfjsdfbsjd;fjsdkfjsdfbsjd;fjsdkfjsdfbsjd;fjsdkfjsdfbsjd;fjsdkfjsdfbsjd;fjsdkfjsdfbsjd;fjsdkfjsdfbsjd;fjsdkfjsdfbsjd;fjsdkfjsdfbsjd;fjsdkfjsdfbsjd;fjsdkfjsdfbsjd;fjsdkfjsdfbsjd;fjsdkfjsdfbsjd;fjsdkfjsdfbsjd;fjsdkfjsdfbsjd;fjsdkfjsdfbsjd;fjsdkfjsdfbsjd;fjsdkfjsdfbsjd;fjsdkfjsdfbsjd;fjsdkfjsdfbsjd;fjsdkfjsdfbsjd;fjsdkfjsdfbsjd;fjsdkfjsdfbsjd;fjsdkfjsdfbsjd;fjsdkfjsdfbsjd;fjsdkfjsdfbsjd;fjsdkfjsdfbsjd;fjsdkfjsdfbsjd;fjsdkfjsdfbsjd;fjsdkfjsdfbsjd;fjsdkfjsdfbsjd;fjsdkfjsdfbsjd;fjsdkfjsdfbsjd;fjsdkfjsdfbsjd;fjsdkfjsdfbsjd;fjsdkfjsdfbsjd;fjsdkfjsdfbsjd;fjsdkfjsdfbsjd;fjsdkfjsdfbsjd;fjsdkfjsdfbsjd;fjsdkfjsdfbsjd;fjsdkfjsdfbsjd;fjsdkfjsdfbsjd;fjsdkfjsdfbsjd;fjsdkfjsdfbsjd;fjsdkfjsdfbsjd;fjsdkfjsdfbsjd;fjsdkfjsdfbsjd;fjsdkfjsdfbsjd;fjsdkfjsdfbsjd;fjsdkfjsdfbsjd;fjsdkfjsdfbsjd;fjsdkfjsdfbsjd;fjsdkfjsdfbsjd;fjsdkfjsdfbsjd;fjsdkfjsdfbsjd;fjsdkfjsdfbsjd;fjsdkfjsdfbsjd;fjsdkfjsdfbsjd;fjsdkfjsdfbsjd;fjsdkfjsdfbsjd;fjsdkfjsdfbsjd;fjsdkfjsdfbsjd;fjsdkfjsdfbsjd;fjsdkfjsdfbsjd;fjsdkfjsdfbsjd;fjsdkfjsdfbsjd;fjsdkfjsdfbsjd;fjsdkfjsdfbsjd;fjsdkfjsdfbsjd;fjsdkfjsdfbsjd;fjsdkfjsdfbsjd;fjsdkfjsdfbsjd;fjsdkfjsdfbsjd;fjsdkfjsdfbsjd;fjsdkfjsdfbsjd;fjsdkfjsdfbsjd;fjsdkfjsdfbsjd;fjsdkfjsdfbsjd;fjsdkfjsdfbsjd;fjsdkfjsdfbsjd;fjsdkfjsdfbsjd;fjsdkfjsdfbsjd;fjsdkfjsdfbsjd;fjsdkfjsdfbsjd;fjsdkfjsdfbsjd;fjsdkfj
sdfbsjd;fjsdkfjsdfbsjd;fjsdkfjsdfbsjd;fjsdkfjsdfbsjd;fjsdkfjsdfbsjd;fjsdkfjsdfbsjd;fjsdkfjsdfbsjd;fjsdkfjsdfbsjd;fjsdkfjsdfbsjd;fjsdkfjsdfbsjd;fjsdkfjsdfbsjd;fjsdkfjsdfbsjd;fjsdkfjsdfbsjd;fjsdkfjsdfbsjd;fjsdkfjsdfbsjd;fjsdkfjsdfbsjd;fjsdkfjsdfbsjd;fjsdkfjsdfbsjd;fjsdkfjsdfbsjd;fjsdkfjsdfbsjd;fjsdkfjsdfbsjd;fjsdkfjsdfbsjd;fjsdkfjsdfbsjd;fjsdkfjsdfbsjd;fjsdkfj
sdfbsjd;fjsdkfjsdfbsjd;fjsdkfjsdfbsjd;fjsdkfjsdfbsjd;fjsdkfjsdfbsjd;fjsdkfjsdfbsjd;fjsdkfjsdfbsjd;fjsdkfjsdfbsjd;fjsdkfjsdfbsjd;fjsdkfjsdfbsjd;fjsdkfjsdfbsjd;fjsdkfjsdfbsjd;fjsdkfjsdfbsjd;fjsdkfjsdfbsjd;fjsdkfjsdfbsjd;fjsdkfjsdfbsjd;fjsdkfjsdfbsjd;fjsdkfjsdfbsjd;fjsdkfjsdfbsjd;fjsdkfjsdfbsjd;fjsdkfjsdfbsjd;fjsdkfjsdfbsjd;fjsdkfjsdfbsjd;fjsdkfjsdfbsjd;fjsdkfj
sdfbsjd;fjsdkfjsdfbsjd;fjsdkfjsdfbsjd;fjsdkfjsdfbsjd;fjsdkfjsdfbsjd;fjsdkfjsdfbsjd;fjsdkfjsdfbsjd;fjsdkfjsdfbsjd;fjsdkfjsdfbsjd;fjsdkfjsdfbsjd;fjsdkfjsdfbsjd;fjsdkfjsdfbsjd;fjsdkfjsdfbsjd;fjsdkfjsdfbsjd;fjsdkfjsdfbsjd;fjsdkfjsdfbsjd;fjsdkfjsdfbsjd;fjsdkfjsdfbsjd;fjsdkfjsdfbsjd;fjsdkfjsdfbsjd;fjsdkfjsdfbsjd;fjsdkfjsdfbsjd;fjsdkfjsdfbsjd;fjsdkfjsdfbsjd;fjsdkfj
sdfbsjd;fjsdkfjsdfbsjd;fjsdkfjsdfbsjd;fjsdkfjsdfbsjd;fjsdkfjsdfbsjd;fjsdkfjsdfbsjd;fjsdkfjsdfbsjd;fjsdkfjsdfbsjd;fjsdkfjsdfbsjd;fjsdkfjsdfbsjd;fjsdkfjsdfbsjd;fjsdkfjsdfbsjd;fjsdkfjsdfbsjd;fjsdkfjsdfbsjd;fjsdkfjsdfbsjd;fjsdkfjsdfbsjd;fjsdkfjsdfbsjd;fjsdkfjsdfbsjd;fjsdkfjsdfbsjd;fjsdkfjsdfbsjd;fjsdkfjsdfbsjd;fjsdkfjsdfbsjd;fjsdkfjsdfbsjd;fjsdkfjsdfbsjd;fjsdkfjsdfbsjd;fjsdkfjsdfbsjd;fjsdkfjsdfbsjd;fjsdkfjsdfbsjd;fjsdkfjsdfbsjd;fjsdkfjsdfbsjd;fjsdkfjsdfbsjd;fjsdkfjsdfbsjd;fjsdkfjsdfbsjd;fjsdkfjsdfbsjd;fjsdkfjsdfbsjd;fjsdkfjsdfbsjd;fjsdkfjsdfbsjd;fjsdkfjsdfbsjd;fjsdkfjsdfbsjd;fjsdkfjsdfbsjd;fjsdkfjsdfbsjd;fjsdkfjsdfbsjd;fjsdkfjsdfbsjd;fjsdkfjsdfbsjd;fjsdkfjsdfbsjd;fjsdkfjsdfbsjd;fjsdkfjsdfbsjd;fjsdkfjsdfbsjd;fjsdkfjsdfbsjd;fjsdkfjsdfbsjd;fjsdkfjsdfbsjd;fjsdkfjsdfbsjd;fjsdkfjsdfbsjd;fjsdkfjsdfbsjd;fjsdkfjsdfbsjd;fjsdkfjsdfbsjd;fjsdkfjsdfbsjd;fjsdkfjsdfbsjd;fjsdkfjsdfbsjd;fjsdkfjsdfbsjd;fjsdkfjsdfbsjd;fjsdkfjsdfbsjd;fjsdkfjsdfbsjd;fjsdkfjsdfbsjd;fjsdkfjsdfbsjd;fjsdkfjsdfbsjd;fjsdkfjsdfbsjd;fjsdkfjsdfbsjd;fjsdkfjsdfbsjd;fjsdkfjsdfbsjd;fjsdkfjsdfbsjd;fjsdkfjsdfbsjd;fjsdkfjsdfbsjd;fjsdkfjsdfbsjd;fjsdkfjsdfbsjd;fjsdkfjsdfbsjd;fjsdkfjsdfbsjd;fjsdkfjsdfbsjd;fjsdkfjsdfbsjd;fjsdkfjsdfbsjd;fjsdkfjsdfbsjd;fjsdkfjsdfbsjd;fjsdkfjsdfbsjd;fjsdkfjsdfbsjd;fjsdkfjsdfbsjd;fjsdkfjsdfbsjd;fjsdkfjsdfbsjd;fjsdkfjsdfbsjd;fjsdkfjsdfbsjd;fjsdkfjsdfbsjd;fjsdkfjsdfbsjd;fjsdkfjsdfbsjd;fjsdkfjsdfbsjd;fjsdkfjsdfbsjd;fjsdkfjsdfbsjd;fjsdkfjsdfbsjd;fjsdkfjsdfbsjd;fjsdkfjsdfbsjd;fjsdkfjsdfbsjd;fjsdkfjsdfbsjd;fjsdkfjsdfbsjd;fjsdkfjsdfbsjd;fjsdkfjsdfbsjd;fjsdkfjsdfbsjd;fjsdkfjsdfbsjd;fjsdkfjsdfbsjd;fjsdkfjsdfbsjd;fjsdkfjsdfbsjd;fjsdkfjsdfbsjd;fjsdkfjsdfbsjd;fjsdkfjsdfbsjd;fjsdkfjsdfbsjd;fjsdkfjsdfbsjd;fjsdkfjsdfbsjd;fjsdkfjsdfbsjd;fjsdkfjsdfbsjd;fjsdkfjsdfbsjd;fjsdkfjsdfbsjd;fjsdkfjsdfbsjd;fjsdkfjsdfbsjd;fjsdkfjsdfbsjd;fjsdkfjsdfbsjd;fjsdkfjsdfbsjd;fjsdkfjsdfbsjd;fjsdkfjsdfbsjd;fjsdkfjsdfbsjd;fjsdkfjsdfbsjd;fjsdkfjsdfbsjd;fjsdkfjsdfbsjd;fjsdkfjsdfbsjd;fjsdkfjsdfbsjd;fjsdkfjsdfbsjd;fjsdkfjsdfbsjd;fjsdkfjsdfbsjd;fjsdkfjsdfbsjd;fjsdkfjsdfbsjd;fjsdkfjsdfbsjd;fjsdkfjsdfbsjd;fjsdkfjsdfbsjd;fjsdkfjsdfbsjd;fjsdkfjsdfbsjd;fjsdkfjsdfbsjd;fjsdkfjsdfbsjd;fjsdkfjsdfbsjd;fjsdkfjsdfbsjd;fjsdkfjsdfbsjd;fjsdkfjsdfbsjd;fjsdkfjsdfbsjd;fjsdkfjsdfbsjd;fjsdkfjsdfbsjd;fjsdkfjsdfbsjd;fjsdkfjsdfbsjd;fjsdkfjsdfbsjd;fjsdkfjsdfbsjd;fjsdkfjsdfbsjd;fjsdkfjsdfbsjd;fjsdkfjsdfbsjd;fjsdkfjsdfbsjd;fjsdkfjsdfbsjd;fjsdkfjsdfbsjd;fjsdkfjsdfbsjd;fjsdkfjsdfbsjd;fjsdkfjsdfbsjd;fjsdkfjsdfbsjd;fjsdkfjsdfbsjd;fjsdkfjsdfbsjd;fjsdkfjsdfbsjd;fjsdkfjsdfbsjd;fjsdkfjsdfbsjd;fjsdkfjsdfbsjd;fjsdkfjsdfbsjd;fjsdkfjsdfbsjd;fjsdkfjsdfbsjd;fjsdkfjsdfbsjd;fjsdkfjsdfbsjd;fjsdkfjsdfbsjd;fjsdkfjsdfbsjd;fjsdkfjsdfbsjd;fjsdkfjsdfbsjd;fjsdkfjsdfbsjd;fjsdkfjsdfbsjd;fjsdkfjsdfbsjd;fjsdkfjsdfbsjd;fjsdkfjsdfbsjd;fjsdkfjsdfbsjd;fjsdkfjsdfbsjd;fjsdkfjsdfbsjd;fjsdkfjsdfbsjd;fjsdkfjsdfbsjd;fjsdkfjsdfbsjd;fjsdkfjsdfbsjd;fjsdkfjsdfbsjd;fjsdkfjsdfbsjd;fjsdkfjsdfbsjd;fjsdkfjsdfbsjd;fjsdkfjsdfbsjd;fjsdkfjsdfbsjd;fjsdkfjsdfbsjd;fjsdkfjsdfbsjd;fjsdkfjsdfbsjd;fjsdkfjsdfbsjd;fjsdkfjsdfbsjd;fjsdkfjsdfbsjd;fjsdkfjsdfbsjd;fjsdkfjsdfbsjd;fjsdkfjsdfbsjd;fjsdkfjsdfbsjd;fjsdkfjsdfbsjd;fjsdkfjsdfbsjd;fjsdkfjsdfbsjd;fjsdkfjsdfbsjd;fjsdkfjsdfbsjd;fjsdkfjsdfbsjd;fjsdkfjsdfbsjd;fjsdkfjsdfbsjd;fjsdkfjsdfbsjd;fjsdkfjsdfbsjd;fjsdkfjsdfbsjd;fjsdkfjsdfbsjd;fjsdkfjsdfbsjd;fjsdkfjsdfbsjd;fjsdkfjsdfbsjd;fjsdkfjsdfbsjd;fjsdkfjsdfbsjd;fjsdkfjsdfbsjd;fjsdkfjsdfbsjd;fjsdkfjsdfbsjd;fjsdkfjsdfbsjd;fjsdkfjsdfbsjd;fjsdkfjsdfbsjd;fjsdkfjsdfbsjd;fjsdkfjsdfbsjd;fjsdkfjsdfbsjd;fjsdkfjsdfbsjd;fjsdkfjsdfbsjd;fjsdkfjsdfbsjd;fjsdkfjsdfbsjd;fjsdkfjsdfbsjd;fjsdkfjsdfbsjd;fjsdkfjsdfbsjd;fjsdkfjsdfbsjd;fjsdkfjsdfbsjd;fjsdkfjsdfbsjd;fjsdkfjsdfbsjd;fjsdkfjsdfbsjd;fjsdkfjsdfbsjd;fjsdkfjsdfbsjd;fjsdkfjsdfbsjd;fjsdkfjsdfbsjd;fjsdkfjsdfbsjd;fjsdkfjsdfbsjd;fjsdkfjsdfbsjd;fjsdkfjsdfbsjd;fjsdkfjsdfbsjd;fjsdkfjsdfbsjd;fjsdkfjsdfbsjd;fjsdkfjsdfbsjd;fjsdkfjsdfbsjd;fjsdkfjsdfbsjd;fjsdkfjsdfbsjd;fjsdkfjsdfbsjd;fjsdkfjsdfbsjd;fjsdkfjsdfbsjd;fjsdkfjsdfbsjd;fjsdkfjsdfbsjd;fjsdkfjsdfbsjd;fjsdkfjsdfbsjd;fjsdkfjsdfbsjd;fjsdkfjsdfbsjd;fjsdkfjsdfbsjd;fjsdkfjsdfbsjd;fjsdkfjsdfbsjd;fjsdkfjsdfbsjd;fjsdkfjsdfbsjd;fjsdkfjsdfbsjd;fjsdkfjsdfbsjd;fjsdkfjsdfbsjd;fjsdkfjsdfbsjd;fjsdkfjsdfbsjd;fjsdkfjsdfbsjd;fjsdkfjsdfbsjd;fjsdkfjsdfbsjd;fjsdkfjsdfbsjd;fjsdkfjsdfbsjd;fjsdkfjsdfbsjd;fjsdkfjsdfbsjd;fjsdkfjsdfbsjd;fjsdkfjsdfbsjd;fjsdkfjsdfbsjd;fjsdkfjsdfbsjd;fjsdkfjsdfbsjd;fjsdkfjsdfbsjd;fjsdkfjsdfbsjd;fjsdkfjsdfbsjd;fjsdkfjsdfbsjd;fjsdkfjsdfbsjd;fjsdkfjsdfbsjd;fjsdkfjsdfbsjd;fjsdkfjsdfbsjd;fjsdkfjsdfbsjd;fjsdkfjsdfbsjd;fjsdkfjsdfbsjd;fjsdkfjsdfbsjd;fjsdkfjsdfbsjd;fjsdkfjsdfbsjd;fjsdkfjsdfbsjd;fjsdkfjsdfbsjd;fjsdkfjsdfbsjd;fjsdkfjsdfbsjd;fjsdkfjsdfbsjd;fjsdkfjsdfbsjd;fjsdkfjsdfbsjd;fjsdkfjsdfbsjd;fjsdkfjsdfbsjd;fjsdkfjsdfbsjd;fjsdkfjsdfbsjd;fjsdkfjsdfbsjd;fjsdkfjsdfbsjd;fjsdkfjsdfbsjd;fjsdkfjsdfbsjd;fjsdkfjsdfbsjd;fjsdkfjsdfbsjd;fjsdkfjsdfbsjd;fjsdkfjsdfbsjd;fjsdkfjsdfbsjd;fjsdkfjsdfbsjd;fjsdkfjsdfbsjd;fjsdkfjsdfbsjd;fjsdkfjsdfbsjd;fjsdkfjsdfbsjd;fjsdkfjsdfbsjd;fjsdkfjsdfbsjd;fjsdkfjsdfbsjd;fjsdkfjsdfbsjd;fjsdkfjsdfbsjd;fjsdkfjsdfbsjd;fjsdkfjsdfbsjd;fjsdkfjsdfbsjd;fjsdkfjsdfbsjd;fjsdkfjsdfbsjd;fjsdkfjsdfbsjd;fjsdkfjsdfbsjd;fjsdkfjsdfbsjd;fjsdkfjsdfbsjd;fjsdkfjsdfbsjd;fjsdkfjsdfbsjd;fjsdkfjsdfbsjd;fjsdkfjsdfbsjd;fjsdkfjsdfbsjd;fjsdkfjsdfbsjd;fjsdkfjsdfbsjd;fjsdkfjsdfbsjd;fjsdkfjsdfbsjd;fjsdkfjsdfbsjd;fjsdkfjsdfbsjd;fjsdkfjsdfbsjd;fjsdkfjsdfbsjd;fjsdkfjsdfbsjd;fjsdkfjsdfbsjd;fjsdkfjsdfbsjd;fjsdkfjsdfbsjd;fjsdkfjsdfbsjd;fjsdkfjsdfbsjd;fjsdkfjsdfbsjd;fjsdkfjsdfbsjd;fjsdkfjsdfbsjd;fjsdkfjsdfbsjd;fjsdkfjsdfbsjd;fjsdkfjsdfbsjd;fjsdkfjsdfbsjd;fjsdkfjsdfbsjd;fjsdkfjsdfbsjd;fjsdkfjsdfbsjd;fjsdkfjsdfbsjd;fjsdkfjsdfbsjd;fjsdkfjsdfbsjd;fjsdkfjsdfbsjd;fjsdkfjsdfbsjd;fjsdkfjsdfbsjd;fjsdkfjsdfbsjd;fjsdkfjsdfbsjd;fjsdkfjsdfbsjd;fjsdkfjsdfbsjd;fjsdkfjsdfbsjd;fjsdkfjsdfbsjd;fjsdkfjsdfbsjd;fjsdkfjsdfbsjd;fjsdkfjsdfbsjd;fjsdkfjsdfbsjd;fjsdkfjsdfbsjd;fjsdkfjsdfbsjd;fjsdkfjsdfbsjd;fjsdkfjsdfbsjd;fjsdkfjsdfbsjd;fjsdkfjsdfbsjd;fjsdkfjsdfbsjd;fjsdkfjsdfbsjd;fjsdkfjsdfbsjd;fjsdkfjsdfbsjd;fjsdkfjsdfbsjd;fjsdkfjsdfbsjd;fjsdkfjsdfbsjd;fjsdkfjsdfbsjd;fjsdkfjsdfbsjd;fjsdkfjsdfbsjd;fjsdkfjsdfbsjd;fjsdkfjsdfbsjd;fjsdkfjsdfbsjd;fjsdkfjsdfbsjd;fjsdkfjsdfbsjd;fjsdkfjsdfbsjd;fjsdkfjsdfbsjd;fjsdkfjsdfbsjd;fjsdkfjsdfbsjd;fjsdkfjsdfbsjd;fjsdkfjsdfbsjd;fjsdkfjsdfbsjd;fjsdkfjsdfbsjd;fjsdkfjsdfbsjd;fjsdkfjsdfbsjd;fjsdkfjsdfbsjd;fjsdkfjsdfbsjd;fjsdkfjsdfbsjd;fjsdkfjsdfbsjd;fjsdkfjsdfbsjd;fjsdkfjsdfbsjd;fjsdkfjsdfbsjd;fjsdkfjsdfbsjd;fjsdkfjsdfbsjd;fjsdkfjsdfbsjd;fjsdkfjsdfbsjd;fjsdkfjsdfbsjd;fjsdkfjsdfbsjd;fjsdkfjsdfbsjd;fjsdkfjsdfbsjd;fjsdkfjsdfbsjd;fjsdkfjsdfbsjd;fjsdkfjsdfbsjd;fjsdkfjsdfbsjd;fjsdkfjsdfbsjd;fjsdkfjsdfbsjd;fjsdkfjsdfbsjd;fjsdkfjsdfbsjd;fjsdkfjsdfbsjd;fjsdkfjsdfbsjd;fjsdkfjsdfbsjd;fjsdkfjsdfbsjd;fjsdkfjsdfbsjd;fjsdkfjsdfbsjd;fjsdkfjsdfbsjd;fjsdkfjsdfbsjd;fjsdkfjsdfbsjd;fjsdkfjsdfbsjd;fjsdkfjsdfbsjd;fjsdkfjsdfbsjd;fjsdkfjsdfbsjd;fjsdkfjsdfbsjd;fjsdkfjsdfbsjd;fjsdkfjsdfbsjd;fjsdkfjsdfbsjd;fjsdkfjsdfbsjd;fjsdkfjsdfbsjd;fjsdkfjsdfbsjd;fjsdkfjsdfbsjd;fjsdkfjsdfbsjd;fjsdkfjsdfbsjd;fjsdkfjsdfbsjd;fjsdkfjsdfbsjd;fjsdkfjsdfbsjd;fjsdkfjsdfbsjd;fjsdkfjsdfbsjd;fjsdkfjsdfbsjd;fjsdkfjsdfbsjd;fjsdkfjsdfbsjd;fjsdkfjsdfbsjd;fjsdkfjsdfbsjd;fjsdkfjsdfbsjd;fjsdkfjsdfbsjd;fjsdkfjsdfbsjd;fjsdkfjsdfbsjd;fjsdkfjsdfbsjd;fjsdkfjsdfbsjd;fjsdkfjsdfbsjd;fjsdkfjsdfbsjd;fjsdkfjsdfbsjd;fjsdkfjsdfbsjd;fjsdkfjsdfbsjd;fjsdkfjsdfbsjd;fjsdkfjsdfbsjd;fjsdkfjsdfbsjd;fjsdkfjsdfbsjd;fjsdkfjsdfbsjd;fjsdkfjsdfbsjd;fjsdkfjsdfbsjd;fjsdkfjsdfbsjd;fjsdkfjsdfbsjd;fjsdkfjsdfbsjd;fjsdkfjsdfbsjd;fjsdkfjsdfbsjd;fjsdkfjsdfbsjd;fjsdkfjsdfbsjd;fjsdkfjsdfbsjd;fjsdkfjsdfbsjd;fjsdkfjsdfbsjd;fjsdkfj
sdfbsjd;fjsdkfjsdfbsjd;fjsdkfjsdfbsjd;fjsdkfjsdfbsjd;fjsdkfjsdfbsjd;fjsdkfjsdfbsjd;fjsdkfjsdfbsjd;fjsdkfjsdfbsjd;fjsdkfjsdfbsjd;fjsdkfjsdfbsjd;fjsdkfjsdfbsjd;fjsdkfjsdfbsjd;fjsdkfjsdfbsjd;fjsdkfjsdfbsjd;fjsdkfjsdfbsjd;fjsdkfjsdfbsjd;fjsdkfjsdfbsjd;fjsdkfjsdfbsjd;fjsdkfjsdfbsjd;fjsdkfjsdfbsjd;fjsdkfjsdfbsjd;fjsdkfjsdfbsjd;fjsdkfjsdfbsjd;fjsdkfjsdfbsjd;fjsdkfj
sdfbsjd;fjsdkfjsdfbsjd;fjsdkfjsdfbsjd;fjsdkfjsdfbsjd;fjsdkfjsdfbsjd;fjsdkfjsdfbsjd;fjsdkfjsdfbsjd;fjsdkfjsdfbsjd;fjsdkfjsdfbsjd;fjsdkfjsdfbsjd;fjsdkfjsdfbsjd;fjsdkfjsdfbsjd;fjsdkfjsdfbsjd;fjsdkfjsdfbsjd;fjsdkfjsdfbsjd;fjsdkfjsdfbsjd;fjsdkfjsdfbsjd;fjsdkfjsdfbsjd;fjsdkfjsdfbsjd;fjsdkfjsdfbsjd;fjsdkfjsdfbsjd;fjsdkfjsdfbsjd;fjsdkfjsdfbsjd;fjsdkfjsdfbsjd;fjsdkfj
sdfbsjd;fjsdkfjsdfbsjd;fjsdkfjsdfbsjd;fjsdkfjsdfbsjd;fjsdkfjsdfbsjd;fjsdkfjsdfbsjd;fjsdkfjsdfbsjd;fjsdkfjsdfbsjd;fjsdkfjsdfbsjd;fjsdkfjsdfbsjd;fjsdkfjsdfbsjd;fjsdkfjsdfbsjd;fjsdkfjsdfbsjd;fjsdkfjsdfbsjd;fjsdkfjsdfbsjd;fjsdkfjsdfbsjd;fjsdkfjsdfbsjd;fjsdkfjsdfbsjd;fjsdkfjsdfbsjd;fjsdkfjsdfbsjd;fjsdkfjsdfbsjd;fjsdkfjsdfbsjd;fjsdkfjsdfbsjd;fjsdkfjsdfbsjd;fjsdkfj
sdfbsjd;fjsdkfjsdfbsjd;fjsdkfjsdfbsjd;fjsdkfjsdfbsjd;fjsdkfjsdfbsjd;fjsdkfjsdfbsjd;fjsdkfjsdfbsjd;fjsdkfjsdfbsjd;fjsdkfjsdfbsjd;fjsdkfjsdfbsjd;fjsdkfjsdfbsjd;fjsdkfjsdfbsjd;fjsdkfjsdfbsjd;fjsdkfjsdfbsjd;fjsdkfjsdfbsjd;fjsdkfjsdfbsjd;fjsdkfjsdfbsjd;fjsdkfjsdfbsjd;fjsdkfjsdfbsjd;fjsdkfjsdfbsjd;fjsdkfjsdfbsjd;fjsdkfjsdfbsjd;fjsdkfjsdfbsjd;fjsdkfjsdfbsjd;fjsdkfjsdfbsjd;fjsdkfjsdfbsjd;fjsdkfjsdfbsjd;fjsdkfjsdfbsjd;fjsdkfjsdfbsjd;fjsdkfjsdfbsjd;fjsdkfjsdfbsjd;fjsdkfjsdfbsjd;fjsdkfjsdfbsjd;fjsdkfjsdfbsjd;fjsdkfjsdfbsjd;fjsdkfjsdfbsjd;fjsdkfjsdfbsjd;fjsdkfjsdfbsjd;fjsdkfjsdfbsjd;fjsdkfjsdfbsjd;fjsdkfjsdfbsjd;fjsdkfjsdfbsjd;fjsdkfjsdfbsjd;fjsdkfjsdfbsjd;fjsdkfjsdfbsjd;fjsdkfjsdfbsjd;fjsdkfjsdfbsjd;fjsdkfjsdfbsjd;fjsdkfjsdfbsjd;fjsdkfjsdfbsjd;fjsdkfjsdfbsjd;fjsdkfjsdfbsjd;fjsdkfjsdfbsjd;fjsdkfjsdfbsjd;fjsdkfjsdfbsjd;fjsdkfjsdfbsjd;fjsdkfjsdfbsjd;fjsdkfjsdfbsjd;fjsdkfjsdfbsjd;fjsdkfjsdfbsjd;fjsdkfjsdfbsjd;fjsdkfjsdfbsjd;fjsdkfjsdfbsjd;fjsdkfjsdfbsjd;fjsdkfjsdfbsjd;fjsdkfjsdfbsjd;fjsdkfjsdfbsjd;fjsdkfjsdfbsjd;fjsdkfjsdfbsjd;fjsdkfjsdfbsjd;fjsdkfjsdfbsjd;fjsdkfjsdfbsjd;fjsdkfjsdfbsjd;fjsdkfjsdfbsjd;fjsdkfjsdfbsjd;fjsdkfjsdfbsjd;fjsdkfjsdfbsjd;fjsdkfjsdfbsjd;fjsdkfjsdfbsjd;fjsdkfjsdfbsjd;fjsdkfjsdfbsjd;fjsdkfjsdfbsjd;fjsdkfjsdfbsjd;fjsdkfjsdfbsjd;fjsdkfjsdfbsjd;fjsdkfjsdfbsjd;fjsdkfjsdfbsjd;fjsdkfjsdfbsjd;fjsdkfjsdfbsjd;fjsdkfjsdfbsjd;fjsdkfjsdfbsjd;fjsdkfjsdfbsjd;fjsdkfjsdfbsjd;fjsdkfjsdfbsjd;fjsdkfjsdfbsjd;fjsdkfjsdfbsjd;fjsdkfjsdfbsjd;fjsdkfjsdfbsjd;fjsdkfjsdfbsjd;fjsdkfjsdfbsjd;fjsdkfjsdfbsjd;fjsdkfjsdfbsjd;fjsdkfjsdfbsjd;fjsdkfjsdfbsjd;fjsdkfjsdfbsjd;fjsdkfjsdfbsjd;fjsdkfjsdfbsjd;fjsdkfjsdfbsjd;fjsdkfjsdfbsjd;fjsdkfjsdfbsjd;fjsdkfjsdfbsjd;fjsdkfjsdfbsjd;fjsdkfjsdfbsjd;fjsdkfjsdfbsjd;fjsdkfjsdfbsjd;fjsdkfjsdfbsjd;fjsdkfjsdfbsjd;fjsdkfjsdfbsjd;fjsdkfjsdfbsjd;fjsdkfjsdfbsjd;fjsdkfjsdfbsjd;fjsdkfjsdfbsjd;fjsdkfjsdfbsjd;fjsdkfjsdfbsjd;fjsdkfjsdfbsjd;fjsdkfjsdfbsjd;fjsdkfjsdfbsjd;fjsdkfjsdfbsjd;fjsdkfjsdfbsjd;fjsdkfjsdfbsjd;fjsdkfjsdfbsjd;fjsdkfjsdfbsjd;fjsdkfjsdfbsjd;fjsdkfjsdfbsjd;fjsdkfjsdfbsjd;fjsdkfjsdfbsjd;fjsdkfjsdfbsjd;fjsdkfjsdfbsjd;fjsdkfjsdfbsjd;fjsdkfjsdfbsjd;fjsdkfjsdfbsjd;fjsdkfjsdfbsjd;fjsdkfjsdfbsjd;fjsdkfjsdfbsjd;fjsdkfjsdfbsjd;fjsdkfjsdfbsjd;fjsdkfjsdfbsjd;fjsdkfjsdfbsjd;fjsdkfjsdfbsjd;fjsdkfjsdfbsjd;fjsdkfjsdfbsjd;fjsdkfjsdfbsjd;fjsdkfjsdfbsjd;fjsdkfjsdfbsjd;fjsdkfjsdfbsjd;fjsdkfjsdfbsjd;fjsdkfjsdfbsjd;fjsdkfjsdfbsjd;fjsdkfjsdfbsjd;fjsdkfjsdfbsjd;fjsdkfjsdfbsjd;fjsdkfjsdfbsjd;fjsdkfjsdfbsjd;fjsdkfjsdfbsjd;fjsdkfjsdfbsjd;fjsdkfjsdfbsjd;fjsdkfjsdfbsjd;fjsdkfjsdfbsjd;fjsdkfjsdfbsjd;fjsdkfjsdfbsjd;fjsdkfjsdfbsjd;fjsdkfjsdfbsjd;fjsdkfjsdfbsjd;fjsdkfjsdfbsjd;fjsdkfjsdfbsjd;fjsdkfjsdfbsjd;fjsdkfjsdfbsjd;fjsdkfjsdfbsjd;fjsdkfjsdfbsjd;fjsdkfjsdfbsjd;fjsdkfjsdfbsjd;fjsdkfjsdfbsjd;fjsdkfjsdfbsjd;fjsdkfjsdfbsjd;fjsdkfjsdfbsjd;fjsdkfjsdfbsjd;fjsdkfjsdfbsjd;fjsdkfjsdfbsjd;fjsdkfjsdfbsjd;fjsdkfjsdfbsjd;fjsdkfjsdfbsjd;fjsdkfjsdfbsjd;fjsdkfjsdfbsjd;fjsdkfjsdfbsjd;fjsdkfjsdfbsjd;fjsdkfjsdfbsjd;fjsdkfjsdfbsjd;fjsdkfjsdfbsjd;fjsdkfjsdfbsjd;fjsdkfjsdfbsjd;fjsdkfjsdfbsjd;fjsdkfjsdfbsjd;fjsdkfjsdfbsjd;fjsdkfjsdfbsjd;fjsdkfjsdfbsjd;fjsdkfjsdfbsjd;fjsdkfjsdfbsjd;fjsdkfjsdfbsjd;fjsdkfjsdfbsjd;fjsdkfjsdfbsjd;fjsdkfjsdfbsjd;fjsdkfjsdfbsjd;fjsdkfjsdfbsjd;fjsdkfjsdfbsjd;fjsdkfjsdfbsjd;fjsdkfjsdfbsjd;fjsdkfjsdfbsjd;fjsdkfjsdfbsjd;fjsdkfjsdfbsjd;fjsdkfjsdfbsjd;fjsdkfjsdfbsjd;fjsdkfjsdfbsjd;fjsdkfjsdfbsjd;fjsdkfjsdfbsjd;fjsdkfjsdfbsjd;fjsdkfjsdfbsjd;fjsdkfjsdfbsjd;fjsdkfjsdfbsjd;fjsdkfjsdfbsjd;fjsdkfjsdfbsjd;fjsdkfjsdfbsjd;fjsdkfjsdfbsjd;fjsdkfjsdfbsjd;fjsdkfjsdfbsjd;fjsdkfjsdfbsjd;fjsdkfjsdfbsjd;fjsdkfjsdfbsjd;fjsdkfjsdfbsjd;fjsdkfjsdfbsjd;fjsdkfjsdfbsjd;fjsdkfjsdfbsjd;fjsdkfjsdfbsjd;fjsdkfjsdfbsjd;fjsdkfjsdfbsjd;fjsdkfjsdfbsjd;fjsdkfjsdfbsjd;fjsdkfjsdfbsjd;fjsdkfjsdfbsjd;fjsdkfjsdfbsjd;fjsdkfjsdfbsjd;fjsdkfjsdfbsjd;fjsdkfjsdfbsjd;fjsdkfjsdfbsjd;fjsdkfjsdfbsjd;fjsdkfjsdfbsjd;fjsdkfjsdfbsjd;fjsdkfjsdfbsjd;fjsdkfjsdfbsjd;fjsdkfjsdfbsjd;fjsdkfjsdfbsjd;fjsdkfjsdfbsjd;fjsdkfjsdfbsjd;fjsdkfjsdfbsjd;fjsdkfjsdfbsjd;fjsdkfjsdfbsjd;fjsdkfjsdfbsjd;fjsdkfjsdfbsjd;fjsdkfjsdfbsjd;fjsdkfjsdfbsjd;fjsdkfjsdfbsjd;fjsdkfjsdfbsjd;fjsdkfjsdfbsjd;fjsdkfjsdfbsjd;fjsdkfjsdfbsjd;fjsdkfjsdfbsjd;fjsdkfjsdfbsjd;fjsdkfjsdfbsjd;fjsdkfjsdfbsjd;fjsdkfjsdfbsjd;fjsdkfjsdfbsjd;fjsdkfjsdfbsjd;fjsdkfjsdfbsjd;fjsdkfjsdfbsjd;fjsdkfjsdfbsjd;fjsdkfjsdfbsjd;fjsdkfjsdfbsjd;fjsdkfjsdfbsjd;fjsdkfjsdfbsjd;fjsdkfjsdfbsjd;fjsdkfjsdfbsjd;fjsdkfjsdfbsjd;fjsdkfjsdfbsjd;fjsdkfjsdfbsjd;fjsdkfjsdfbsjd;fjsdkfjsdfbsjd;fjsdkfjsdfbsjd;fjsdkfjsdfbsjd;fjsdkfjsdfbsjd;fjsdkfjsdfbsjd;fjsdkfjsdfbsjd;fjsdkfjsdfbsjd;fjsdkfjsdfbsjd;fjsdkfjsdfbsjd;fjsdkfjsdfbsjd;fjsdkfjsdfbsjd;fjsdkfjsdfbsjd;fjsdkfjsdfbsjd;fjsdkfjsdfbsjd;fjsdkfjsdfbsjd;fjsdkfjsdfbsjd;fjsdkfjsdfbsjd;fjsdkfjsdfbsjd;fjsdkfjsdfbsjd;fjsdkfjsdfbsjd;fjsdkfjsdfbsjd;fjsdkfjsdfbsjd;fjsdkfjsdfbsjd;fjsdkfjsdfbsjd;fjsdkfjsdfbsjd;fjsdkfjsdfbsjd;fjsdkfjsdfbsjd;fjsdkfjsdfbsjd;fjsdkfjsdfbsjd;fjsdkfjsdfbsjd;fjsdkfjsdfbsjd;fjsdkfjsdfbsjd;fjsdkfjsdfbsjd;fjsdkfjsdfbsjd;fjsdkfjsdfbsjd;fjsdkfjsdfbsjd;fjsdkfjsdfbsjd;fjsdkfjsdfbsjd;fjsdkfjsdfbsjd;fjsdkfjsdfbsjd;fjsdkfjsdfbsjd;fjsdkfjsdfbsjd;fjsdkfjsdfbsjd;fjsdkfjsdfbsjd;fjsdkfjsdfbsjd;fjsdkfjsdfbsjd;fjsdkfjsdfbsjd;fjsdkfjsdfbsjd;fjsdkfjsdfbsjd;fjsdkfjsdfbsjd;fjsdkfjsdfbsjd;fjsdkfjsdfbsjd;fjsdkfjsdfbsjd;fjsdkfjsdfbsjd;fjsdkfjsdfbsjd;fjsdkfjsdfbsjd;fjsdkfjsdfbsjd;fjsdkfjsdfbsjd;fjsdkfjsdfbsjd;fjsdkfjsdfbsjd;fjsdkfjsdfbsjd;fjsdkfjsdfbsjd;fjsdkfjsdfbsjd;fjsdkfjsdfbsjd;fjsdkfjsdfbsjd;fjsdkfjsdfbsjd;fjsdkfjsdfbsjd;fjsdkfjsdfbsjd;fjsdkfjsdfbsjd;fjsdkfjsdfbsjd;fjsdkfjsdfbsjd;fjsdkfjsdfbsjd;fjsdkfjsdfbsjd;fjsdkfjsdfbsjd;fjsdkfjsdfbsjd;fjsdkfjsdfbsjd;fjsdkfjsdfbsjd;fjsdkfjsdfbsjd;fjsdkfjsdfbsjd;fjsdkfjsdfbsjd;fjsdkfjsdfbsjd;fjsdkfjsdfbsjd;fjsdkfjsdfbsjd;fjsdkfjsdfbsjd;fjsdkfjsdfbsjd;fjsdkfjsdfbsjd;fjsdkfjsdfbsjd;fjsdkfjsdfbsjd;fjsdkfjsdfbsjd;fjsdkfjsdfbsjd;fjsdkfjsdfbsjd;fjsdkfjsdfbsjd;fjsdkfjsdfbsjd;fjsdkfjsdfbsjd;fjsdkfjsdfbsjd;fjsdkfjsdfbsjd;fjsdkfjsdfbsjd;fjsdkfjsdfbsjd;fjsdkfjsdfbsjd;fjsdkfjsdfbsjd;fjsdkfjsdfbsjd;fjsdkfjsdfbsjd;fjsdkfjsdfbsjd;fjsdkfjsdfbsjd;fjsdkfjsdfbsjd;fjsdkfjsdfbsjd;fjsdkfjsdfbsjd;fjsdkfjsdfbsjd;fjsdkfjsdfbsjd;fjsdkfjsdfbsjd;fjsdkfjsdfbsjd;fjsdkfjsdfbsjd;fjsdkfjsdfbsjd;fjsdkfjsdfbsjd;fjsdkfjsdfbsjd;fjsdkfjsdfbsjd;fjsdkfjsdfbsjd;fjsdkfjsdfbsjd;fjsdkfjsdfbsjd;fjsdkfjsdfbsjd;fjsdkfjsdfbsjd;fjsdkfjsdfbsjd;fjsdkfjsdfbsjd;fjsdkfjsdfbsjd;fjsdkfjsdfbsjd;fjsdkfjsdfbsjd;fjsdkfjsdfbsjd;fjsdkfjsdfbsjd;fjsdkfjsdfbsjd;fjsdkfjsdfbsjd;fjsdkfjsdfbsjd;fjsdkfjsdfbsjd;fjsdkfjsdfbsjd;fjsdkfjsdfbsjd;fjsdkfjsdfbsjd;fjsdkfjsdfbsjd;fjsdkfjsdfbsjd;fjsdkfjsdfbsjd;fjsdkfjsdfbsjd;fjsdkfjsdfbsjd;fjsdkfjsdfbsjd;fjsdkfjsdfbsjd;fjsdkfjsdfbsjd;fjsdkfjsdfbsjd;fjsdkfjsdfbsjd;fjsdkfjsdfbsjd;fjsdkfjsdfbsjd;fjsdkfjsdfbsjd;fjsdkfjsdfbsjd;fjsdkfjsdfbsjd;fjsdkfjsdfbsjd;fjsdkfjsdfbsjd;fjsdkfjsdfbsjd;fjsdkfjsdfbsjd;fjsdkfjsdfbsjd;fjsdkfjsdfbsjd;fjsdkfjsdfbsjd;fjsdkfjsdfbsjd;fjsdkfjsdfbsjd;fjsdkfjsdfbsjd;fjsdkfjsdfbsjd;fjsdkfjsdfbsjd;fjsdkfjsdfbsjd;fjsdkfjsdfbsjd;fjsdkfjsdfbsjd;fjsdkfjsdfbsjd;fjsdkfjsdfbsjd;fjsdkfjsdfbsjd;fjsdkfjsdfbsjd;fjsdkfjsdfbsjd;fjsdkfjsdfbsjd;fjsdkfjsdfbsjd;fjsdkfjsdfbsjd;fjsdkfjsdfbsjd;fjsdkfjsdfbsjd;fjsdkfjsdfbsjd;fjsdkfjsdfbsjd;fjsdkfjsdfbsjd;fjsdkfjsdfbsjd;fjsdkfjsdfbsjd;fjsdkfjsdfbsjd;fjsdkfjsdfbsjd;fjsdkfjsdfbsjd;fjsdkfjsdfbsjd;fjsdkfjsdfbsjd;fjsdkfjsdfbsjd;fjsdkfjsdfbsjd;fjsdkfjsdfbsjd;fjsdkfjsdfbsjd;fjsdkfjsdfbsjd;fjsdkfjsdfbsjd;fjsdkfjsdfbsjd;fjsdkfjsdfbsjd;fjsdkfjsdfbsjd;fjsdkfjsdfbsjd;fjsdkfjsdfbsjd;fjsdkfjsdfbsjd;fjsdkfjsdfbsjd;fjsdkfjsdfbsjd;fjsdkfjsdfbsjd;fjsdkfjsdfbsjd;fjsdkfjsdfbsjd;fjsdkfjsdfbsjd;fjsdkfjsdfbsjd;fjsdkfjsdfbsjd;fjsdkfjsdfbsjd;fjsdkfjsdfbsjd;fjsdkfjsdfbsjd;fjsdkfjsdfbsjd;fjsdkfjsdfbsjd;fjsdkfj
sdfbsjd;fjsdkfjsdfbsjd;fjsdkfjsdfbsjd;fjsdkfjsdfbsjd;fjsdkfjsdfbsjd;fjsdkfjsdfbsjd;fjsdkfjsdfbsjd;fjsdkfjsdfbsjd;fjsdkfjsdfbsjd;fjsdkfjsdfbsjd;fjsdkfjsdfbsjd;fjsdkfjsdfbsjd;fjsdkfjsdfbsjd;fjsdkfjsdfbsjd;fjsdkfjsdfbsjd;fjsdkfjsdfbsjd;fjsdkfjsdfbsjd;fjsdkfjsdfbsjd;fjsdkfjsdfbsjd;fjsdkfjsdfbsjd;fjsdkfjsdfbsjd;fjsdkfjsdfbsjd;fjsdkfjsdfbsjd;fjsdkfjsdfbsjd;fjsdkfj
sdfbsjd;fjsdkfjsdfbsjd;fjsdkfjsdfbsjd;fjsdkfjsdfbsjd;fjsdkfjsdfbsjd;fjsdkfjsdfbsjd;fjsdkfjsdfbsjd;fjsdkfjsdfbsjd;fjsdkfjsdfbsjd;fjsdkfjsdfbsjd;fjsdkfjsdfbsjd;fjsdkfjsdfbsjd;fjsdkfjsdfbsjd;fjsdkfjsdfbsjd;fjsdkfjsdfbsjd;fjsdkfjsdfbsjd;fjsdkfjsdfbsjd;fjsdkfjsdfbsjd;fjsdkfjsdfbsjd;fjsdkfjsdfbsjd;fjsdkfjsdfbsjd;fjsdkfjsdfbsjd;fjsdkfjsdfbsjd;fjsdkfjsdfbsjd;fjsdkfj
sdfbsjd;fjsdkfjsdfbsjd;fjsdkfjsdfbsjd;fjsdkfjsdfbsjd;fjsdkfjsdfbsjd;fjsdkfjsdfbsjd;fjsdkfjsdfbsjd;fjsdkfjsdfbsjd;fjsdkfjsdfbsjd;fjsdkfjsdfbsjd;fjsdkfjsdfbsjd;fjsdkfjsdfbsjd;fjsdkfjsdfbsjd;fjsdkfjsdfbsjd;fjsdkfjsdfbsjd;fjsdkfjsdfbsjd;fjsdkfjsdfbsjd;fjsdkfjsdfbsjd;fjsdkfjsdfbsjd;fjsdkfjsdfbsjd;fjsdkfjsdfbsjd;fjsdkfjsdfbsjd;fjsdkfjsdfbsjd;fjsdkfjsdfbsjd;fjsdkfj
sdfbsjd;fjsdkfjsdfbsjd;fjsdkfjsdfbsjd;fjsdkfjsdfbsjd;fjsdkfjsdfbsjd;fjsdkfjsdfbsjd;fjsdkfjsdfbsjd;fjsdkfjsdfbsjd;fjsdkfjsdfbsjd;fjsdkfjsdfbsjd;fjsdkfjsdfbsjd;fjsdkfjsdfbsjd;fjsdkfjsdfbsjd;fjsdkfjsdfbsjd;fjsdkfjsdfbsjd;fjsdkfjsdfbsjd;fjsdkfjsdfbsjd;fjsdkfjsdfbsjd;fjsdkfjsdfbsjd;fjsdkfjsdfbsjd;fjsdkfjsdfbsjd;fjsdkfjsdfbsjd;fjsdkfjsdfbsjd;fjsdkfjsdfbsjd;fjsdkfjsdfbsjd;fjsdkfjsdfbsjd;fjsdkfjsdfbsjd;fjsdkfjsdfbsjd;fjsdkfjsdfbsjd;fjsdkfjsdfbsjd;fjsdkfjsdfbsjd;fjsdkfjsdfbsjd;fjsdkfjsdfbsjd;fjsdkfjsdfbsjd;fjsdkfjsdfbsjd;fjsdkfjsdfbsjd;fjsdkfjsdfbsjd;fjsdkfjsdfbsjd;fjsdkfjsdfbsjd;fjsdkfjsdfbsjd;fjsdkfjsdfbsjd;fjsdkfjsdfbsjd;fjsdkfjsdfbsjd;fjsdkfjsdfbsjd;fjsdkfjsdfbsjd;fjsdkfjsdfbsjd;fjsdkfjsdfbsjd;fjsdkfjsdfbsjd;fjsdkfjsdfbsjd;fjsdkfjsdfbsjd;fjsdkfjsdfbsjd;fjsdkfjsdfbsjd;fjsdkfjsdfbsjd;fjsdkfjsdfbsjd;fjsdkfjsdfbsjd;fjsdkfjsdfbsjd;fjsdkfjsdfbsjd;fjsdkfjsdfbsjd;fjsdkfjsdfbsjd;fjsdkfjsdfbsjd;fjsdkfjsdfbsjd;fjsdkfjsdfbsjd;fjsdkfjsdfbsjd;fjsdkfjsdfbsjd;fjsdkfjsdfbsjd;fjsdkfjsdfbsjd;fjsdkfjsdfbsjd;fjsdkfjsdfbsjd;fjsdkfjsdfbsjd;fjsdkfjsdfbsjd;fjsdkfjsdfbsjd;fjsdkfjsdfbsjd;fjsdkfjsdfbsjd;fjsdkfjsdfbsjd;fjsdkfjsdfbsjd;fjsdkfjsdfbsjd;fjsdkfjsdfbsjd;fjsdkfjsdfbsjd;fjsdkfjsdfbsjd;fjsdkfjsdfbsjd;fjsdkfjsdfbsjd;fjsdkfjsdfbsjd;fjsdkfjsdfbsjd;fjsdkfjsdfbsjd;fjsdkfjsdfbsjd;fjsdkfjsdfbsjd;fjsdkfjsdfbsjd;fjsdkfjsdfbsjd;fjsdkfjsdfbsjd;fjsdkfjsdfbsjd;fjsdkfjsdfbsjd;fjsdkfjsdfbsjd;fjsdkfjsdfbsjd;fjsdkfjsdfbsjd;fjsdkfjsdfbsjd;fjsdkfjsdfbsjd;fjsdkfjsdfbsjd;fjsdkfjsdfbsjd;fjsdkfjsdfbsjd;fjsdkfjsdfbsjd;fjsdkfjsdfbsjd;fjsdkfjsdfbsjd;fjsdkfjsdfbsjd;fjsdkfjsdfbsjd;fjsdkfjsdfbsjd;fjsdkfjsdfbsjd;fjsdkfjsdfbsjd;fjsdkfjsdfbsjd;fjsdkfjsdfbsjd;fjsdkfjsdfbsjd;fjsdkfjsdfbsjd;fjsdkfjsdfbsjd;fjsdkfjsdfbsjd;fjsdkfjsdfbsjd;fjsdkfjsdfbsjd;fjsdkfjsdfbsjd;fjsdkfjsdfbsjd;fjsdkfjsdfbsjd;fjsdkfjsdfbsjd;fjsdkfjsdfbsjd;fjsdkfjsdfbsjd;fjsdkfjsdfbsjd;fjsdkfjsdfbsjd;fjsdkfjsdfbsjd;fjsdkfjsdfbsjd;fjsdkfjsdfbsjd;fjsdkfjsdfbsjd;fjsdkfjsdfbsjd;fjsdkfjsdfbsjd;fjsdkfjsdfbsjd;fjsdkfjsdfbsjd;fjsdkfjsdfbsjd;fjsdkfjsdfbsjd;fjsdkfjsdfbsjd;fjsdkfjsdfbsjd;fjsdkfjsdfbsjd;fjsdkfjsdfbsjd;fjsdkfjsdfbsjd;fjsdkfjsdfbsjd;fjsdkfjsdfbsjd;fjsdkfjsdfbsjd;fjsdkfjsdfbsjd;fjsdkfjsdfbsjd;fjsdkfjsdfbsjd;fjsdkfjsdfbsjd;fjsdkfjsdfbsjd;fjsdkfjsdfbsjd;fjsdkfjsdfbsjd;fjsdkfjsdfbsjd;fjsdkfjsdfbsjd;fjsdkfjsdfbsjd;fjsdkfjsdfbsjd;fjsdkfjsdfbsjd;fjsdkfjsdfbsjd;fjsdkfjsdfbsjd;fjsdkfjsdfbsjd;fjsdkfjsdfbsjd;fjsdkfjsdfbsjd;fjsdkfjsdfbsjd;fjsdkfjsdfbsjd;fjsdkfjsdfbsjd;fjsdkfjsdfbsjd;fjsdkfjsdfbsjd;fjsdkfjsdfbsjd;fjsdkfjsdfbsjd;fjsdkfjsdfbsjd;fjsdkfjsdfbsjd;fjsdkfjsdfbsjd;fjsdkfjsdfbsjd;fjsdkfjsdfbsjd;fjsdkfjsdfbsjd;fjsdkfjsdfbsjd;fjsdkfjsdfbsjd;fjsdkfjsdfbsjd;fjsdkfjsdfbsjd;fjsdkfjsdfbsjd;fjsdkfjsdfbsjd;fjsdkfjsdfbsjd;fjsdkfjsdfbsjd;fjsdkfjsdfbsjd;fjsdkfjsdfbsjd;fjsdkfjsdfbsjd;fjsdkfjsdfbsjd;fjsdkfjsdfbsjd;fjsdkfjsdfbsjd;fjsdkfjsdfbsjd;fjsdkfjsdfbsjd;fjsdkfjsdfbsjd;fjsdkfjsdfbsjd;fjsdkfjsdfbsjd;fjsdkfjsdfbsjd;fjsdkfjsdfbsjd;fjsdkfjsdfbsjd;fjsdkfjsdfbsjd;fjsdkfjsdfbsjd;fjsdkfjsdfbsjd;fjsdkfjsdfbsjd;fjsdkfjsdfbsjd;fjsdkfjsdfbsjd;fjsdkfjsdfbsjd;fjsdkfjsdfbsjd;fjsdkfjsdfbsjd;fjsdkfjsdfbsjd;fjsdkfjsdfbsjd;fjsdkfjsdfbsjd;fjsdkfjsdfbsjd;fjsdkfjsdfbsjd;fjsdkfjsdfbsjd;fjsdkfjsdfbsjd;fjsdkfjsdfbsjd;fjsdkfjsdfbsjd;fjsdkfjsdfbsjd;fjsdkfjsdfbsjd;fjsdkfjsdfbsjd;fjsdkfjsdfbsjd;fjsdkfjsdfbsjd;fjsdkfjsdfbsjd;fjsdkfjsdfbsjd;fjsdkfjsdfbsjd;fjsdkfjsdfbsjd;fjsdkfjsdfbsjd;fjsdkfjsdfbsjd;fjsdkfjsdfbsjd;fjsdkfjsdfbsjd;fjsdkfjsdfbsjd;fjsdkfjsdfbsjd;fjsdkfjsdfbsjd;fjsdkfjsdfbsjd;fjsdkfjsdfbsjd;fjsdkfjsdfbsjd;fjsdkfjsdfbsjd;fjsdkfjsdfbsjd;fjsdkfjsdfbsjd;fjsdkfjsdfbsjd;fjsdkfjsdfbsjd;fjsdkfjsdfbsjd;fjsdkfjsdfbsjd;fjsdkfjsdfbsjd;fjsdkfjsdfbsjd;fjsdkfjsdfbsjd;fjsdkfjsdfbsjd;fjsdkfjsdfbsjd;fjsdkfjsdfbsjd;fjsdkfjsdfbsjd;fjsdkfjsdfbsjd;fjsdkfjsdfbsjd;fjsdkfjsdfbsjd;fjsdkfjsdfbsjd;fjsdkfjsdfbsjd;fjsdkfjsdfbsjd;fjsdkfjsdfbsjd;fjsdkfjsdfbsjd;fjsdkfjsdfbsjd;fjsdkfjsdfbsjd;fjsdkfjsdfbsjd;fjsdkfjsdfbsjd;fjsdkfjsdfbsjd;fjsdkfjsdfbsjd;fjsdkfjsdfbsjd;fjsdkfjsdfbsjd;fjsdkfjsdfbsjd;fjsdkfjsdfbsjd;fjsdkfjsdfbsjd;fjsdkfjsdfbsjd;fjsdkfjsdfbsjd;fjsdkfjsdfbsjd;fjsdkfjsdfbsjd;fjsdkfjsdfbsjd;fjsdkfjsdfbsjd;fjsdkfjsdfbsjd;fjsdkfjsdfbsjd;fjsdkfjsdfbsjd;fjsdkfjsdfbsjd;fjsdkfjsdfbsjd;fjsdkfjsdfbsjd;fjsdkfjsdfbsjd;fjsdkfjsdfbsjd;fjsdkfjsdfbsjd;fjsdkfjsdfbsjd;fjsdkfjsdfbsjd;fjsdkfjsdfbsjd;fjsdkfjsdfbsjd;fjsdkfjsdfbsjd;fjsdkfjsdfbsjd;fjsdkfjsdfbsjd;fjsdkfjsdfbsjd;fjsdkfjsdfbsjd;fjsdkfjsdfbsjd;fjsdkfjsdfbsjd;fjsdkfjsdfbsjd;fjsdkfjsdfbsjd;fjsdkfjsdfbsjd;fjsdkfjsdfbsjd;fjsdkfjsdfbsjd;fjsdkfjsdfbsjd;fjsdkfjsdfbsjd;fjsdkfjsdfbsjd;fjsdkfjsdfbsjd;fjsdkfjsdfbsjd;fjsdkfjsdfbsjd;fjsdkfjsdfbsjd;fjsdkfjsdfbsjd;fjsdkfjsdfbsjd;fjsdkfjsdfbsjd;fjsdkfjsdfbsjd;fjsdkfjsdfbsjd;fjsdkfjsdfbsjd;fjsdkfjsdfbsjd;fjsdkfjsdfbsjd;fjsdkfjsdfbsjd;fjsdkfjsdfbsjd;fjsdkfjsdfbsjd;fjsdkfjsdfbsjd;fjsdkfjsdfbsjd;fjsdkfjsdfbsjd;fjsdkfjsdfbsjd;fjsdkfjsdfbsjd;fjsdkfjsdfbsjd;fjsdkfjsdfbsjd;fjsdkfjsdfbsjd;fjsdkfjsdfbsjd;fjsdkfjsdfbsjd;fjsdkfjsdfbsjd;fjsdkfjsdfbsjd;fjsdkfjsdfbsjd;fjsdkfjsdfbsjd;fjsdkfjsdfbsjd;fjsdkfjsdfbsjd;fjsdkfjsdfbsjd;fjsdkfjsdfbsjd;fjsdkfjsdfbsjd;fjsdkfjsdfbsjd;fjsdkfjsdfbsjd;fjsdkfjsdfbsjd;fjsdkfjsdfbsjd;fjsdkfjsdfbsjd;fjsdkfjsdfbsjd;fjsdkfjsdfbsjd;fjsdkfjsdfbsjd;fjsdkfjsdfbsjd;fjsdkfjsdfbsjd;fjsdkfjsdfbsjd;fjsdkfjsdfbsjd;fjsdkfjsdfbsjd;fjsdkfjsdfbsjd;fjsdkfjsdfbsjd;fjsdkfjsdfbsjd;fjsdkfjsdfbsjd;fjsdkfjsdfbsjd;fjsdkfjsdfbsjd;fjsdkfjsdfbsjd;fjsdkfjsdfbsjd;fjsdkfjsdfbsjd;fjsdkfjsdfbsjd;fjsdkfjsdfbsjd;fjsdkfjsdfbsjd;fjsdkfjsdfbsjd;fjsdkfjsdfbsjd;fjsdkfjsdfbsjd;fjsdkfjsdfbsjd;fjsdkfjsdfbsjd;fjsdkfjsdfbsjd;fjsdkfjsdfbsjd;fjsdkfjsdfbsjd;fjsdkfjsdfbsjd;fjsdkfjsdfbsjd;fjsdkfjsdfbsjd;fjsdkfjsdfbsjd;fjsdkfjsdfbsjd;fjsdkfjsdfbsjd;fjsdkfjsdfbsjd;fjsdkfjsdfbsjd;fjsdkfjsdfbsjd;fjsdkfjsdfbsjd;fjsdkfjsdfbsjd;fjsdkfjsdfbsjd;fjsdkfjsdfbsjd;fjsdkfjsdfbsjd;fjsdkfjsdfbsjd;fjsdkfjsdfbsjd;fjsdkfjsdfbsjd;fjsdkfjsdfbsjd;fjsdkfjsdfbsjd;fjsdkfjsdfbsjd;fjsdkfjsdfbsjd;fjsdkfjsdfbsjd;fjsdkfjsdfbsjd;fjsdkfjsdfbsjd;fjsdkfjsdfbsjd;fjsdkfjsdfbsjd;fjsdkfjsdfbsjd;fjsdkfjsdfbsjd;fjsdkfjsdfbsjd;fjsdkfjsdfbsjd;fjsdkfjsdfbsjd;fjsdkfjsdfbsjd;fjsdkfjsdfbsjd;fjsdkfjsdfbsjd;fjsdkfjsdfbsjd;fjsdkfjsdfbsjd;fjsdkfjsdfbsjd;fjsdkfjsdfbsjd;fjsdkfjsdfbsjd;fjsdkfjsdfbsjd;fjsdkfjsdfbsjd;fjsdkfjsdfbsjd;fjsdkfjsdfbsjd;fjsdkfjsdfbsjd;fjsdkfjsdfbsjd;fjsdkfjsdfbsjd;fjsdkfjsdfbsjd;fjsdkfjsdfbsjd;fjsdkfjsdfbsjd;fjsdkfjsdfbsjd;fjsdkfjsdfbsjd;fjsdkfjsdfbsjd;fjsdkfjsdfbsjd;fjsdkfjsdfbsjd;fjsdkfjsdfbsjd;fjsdkfjsdfbsjd;fjsdkfjsdfbsjd;fjsdkfjsdfbsjd;fjsdkfjsdfbsjd;fjsdkfjsdfbsjd;fjsdkfjsdfbsjd;fjsdkfjsdfbsjd;fjsdkfjsdfbsjd;fjsdkfjsdfbsjd;fjsdkfjsdfbsjd;fjsdkfjsdfbsjd;fjsdkfjsdfbsjd;fjsdkfjsdfbsjd;fjsdkfjsdfbsjd;fjsdkfjsdfbsjd;fjsdkfjsdfbsjd;fjsdkfjsdfbsjd;fjsdkfjsdfbsjd;fjsdkfjsdfbsjd;fjsdkfjsdfbsjd;fjsdkfjsdfbsjd;fjsdkfjsdfbsjd;fjsdkfjsdfbsjd;fjsdkfjsdfbsjd;fjsdkfjsdfbsjd;fjsdkfjsdfbsjd;fjsdkfjsdfbsjd;fjsdkfjsdfbsjd;fjsdkfjsdfbsjd;fjsdkfjsdfbsjd;fjsdkfjsdfbsjd;fjsdkfjsdfbsjd;fjsdkfjsdfbsjd;fjsdkfjsdfbsjd;fjsdkfjsdfbsjd;fjsdkfjsdfbsjd;fjsdkfjsdfbsjd;fjsdkfjsdfbsjd;fjsdkfjsdfbsjd;fjsdkfjsdfbsjd;fjsdkfjsdfbsjd;fjsdkfjsdfbsjd;fjsdkfjsdfbsjd;fjsdkfjsdfbsjd;fjsdkfjsdfbsjd;fjsdkfjsdfbsjd;fjsdkfjsdfbsjd;fjsdkfjsdfbsjd;fjsdkfjsdfbsjd;fjsdkfjsdfbsjd;fjsdkfjsdfbsjd;fjsdkfjsdfbsjd;fjsdkfjsdfbsjd;fjsdkfjsdfbsjd;fjsdkfjsdfbsjd;fjsdkfjsdfbsjd;fjsdkfjsdfbsjd;fjsdkfjsdfbsjd;fjsdkfjsdfbsjd;fjsdkfjsdfbsjd;fjsdkfjsdfbsjd;fjsdkfjsdfbsjd;fjsdkfjsdfbsjd;fjsdkfjsdfbsjd;fjsdkfjsdfbsjd;fjsdkfjsdfbsjd;fjsdkfjsdfbsjd;fjsdkfjsdfbsjd;fjsdkfjsdfbsjd;fjsdkfjsdfbsjd;fjsdkfjsdfbsjd;fjsdkfjsdfbsjd;fjsdkfjsdfbsjd;fjsdkfjsdfbsjd;fjsdkfjsdfbsjd;fjsdkfjsdfbsjd;fjsdkfjsdfbsjd;fjsdkfjsdfbsjd;fjsdkfjsdfbsjd;fjsdkfjsdfbsjd;fjsdkfjsdfbsjd;fjsdkfjsdfbsjd;fjsdkfjsdfbsjd;fjsdkfjsdfbsjd;fjsdkfjsdfbsjd;fjsdkfj
sdfbsjd;fjsdkfjsdfbsjd;fjsdkfjsdfbsjd;fjsdkfjsdfbsjd;fjsdkfjsdfbsjd;fjsdkfjsdfbsjd;fjsdkfjsdfbsjd;fjsdkfjsdfbsjd;fjsdkfjsdfbsjd;fjsdkfjsdfbsjd;fjsdkfjsdfbsjd;fjsdkfjsdfbsjd;fjsdkfjsdfbsjd;fjsdkfjsdfbsjd;fjsdkfjsdfbsjd;fjsdkfjsdfbsjd;fjsdkfjsdfbsjd;fjsdkfjsdfbsjd;fjsdkfjsdfbsjd;fjsdkfjsdfbsjd;fjsdkfjsdfbsjd;fjsdkfjsdfbsjd;fjsdkfjsdfbsjd;fjsdkfjsdfbsjd;fjsdkfj
sdfbsjd;fjsdkfjsdfbsjd;fjsdkfjsdfbsjd;fjsdkfjsdfbsjd;fjsdkfjsdfbsjd;fjsdkfjsdfbsjd;fjsdkfjsdfbsjd;fjsdkfjsdfbsjd;fjsdkfjsdfbsjd;fjsdkfjsdfbsjd;fjsdkfjsdfbsjd;fjsdkfjsdfbsjd;fjsdkfjsdfbsjd;fjsdkfjsdfbsjd;fjsdkfjsdfbsjd;fjsdkfjsdfbsjd;fjsdkfjsdfbsjd;fjsdkfjsdfbsjd;fjsdkfjsdfbsjd;fjsdkfjsdfbsjd;fjsdkfjsdfbsjd;fjsdkfjsdfbsjd;fjsdkfjsdfbsjd;fjsdkfjsdfbsjd;fjsdkfj
sdfbsjd;fjsdkfjsdfbsjd;fjsdkfjsdfbsjd;fjsdkfjsdfbsjd;fjsdkfjsdfbsjd;fjsdkfjsdfbsjd;fjsdkfjsdfbsjd;fjsdkfjsdfbsjd;fjsdkfjsdfbsjd;fjsdkfjsdfbsjd;fjsdkfjsdfbsjd;fjsdkfjsdfbsjd;fjsdkfjsdfbsjd;fjsdkfjsdfbsjd;fjsdkfjsdfbsjd;fjsdkfjsdfbsjd;fjsdkfjsdfbsjd;fjsdkfjsdfbsjd;fjsdkfjsdfbsjd;fjsdkfjsdfbsjd;fjsdkfjsdfbsjd;fjsdkfjsdfbsjd;fjsdkfjsdfbsjd;fjsdkfjsdfbsjd;fjsdkfj
sdfbsjd;fjsdkfjsdfbsjd;fjsdkfjsdfbsjd;fjsdkfjsdfbsjd;fjsdkfjsdfbsjd;fjsdkfjsdfbsjd;fjsdkfjsdfbsjd;fjsdkfjsdfbsjd;fjsdkfjsdfbsjd;fjsdkfjsdfbsjd;fjsdkfjsdfbsjd;fjsdkfjsdfbsjd;fjsdkfjsdfbsjd;fjsdkfjsdfbsjd;fjsdkfjsdfbsjd;fjsdkfjsdfbsjd;fjsdkfjsdfbsjd;fjsdkfjsdfbsjd;fjsdkfjsdfbsjd;fjsdkfjsdfbsjd;fjsdkfjsdfbsjd;fjsdkfjsdfbsjd;fjsdkfjsdfbsjd;fjsdkfjsdfbsjd;fjsdkfjsdfbsjd;fjsdkfjsdfbsjd;fjsdkfjsdfbsjd;fjsdkfjsdfbsjd;fjsdkfjsdfbsjd;fjsdkfjsdfbsjd;fjsdkfjsdfbsjd;fjsdkfjsdfbsjd;fjsdkfjsdfbsjd;fjsdkfjsdfbsjd;fjsdkfjsdfbsjd;fjsdkfjsdfbsjd;fjsdkfjsdfbsjd;fjsdkfjsdfbsjd;fjsdkfjsdfbsjd;fjsdkfjsdfbsjd;fjsdkfjsdfbsjd;fjsdkfjsdfbsjd;fjsdkfjsdfbsjd;fjsdkfjsdfbsjd;fjsdkfjsdfbsjd;fjsdkfjsdfbsjd;fjsdkfjsdfbsjd;fjsdkfjsdfbsjd;fjsdkfjsdfbsjd;fjsdkfjsdfbsjd;fjsdkfjsdfbsjd;fjsdkfjsdfbsjd;fjsdkfjsdfbsjd;fjsdkfjsdfbsjd;fjsdkfjsdfbsjd;fjsdkfjsdfbsjd;fjsdkfjsdfbsjd;fjsdkfjsdfbsjd;fjsdkfjsdfbsjd;fjsdkfjsdfbsjd;fjsdkfjsdfbsjd;fjsdkfjsdfbsjd;fjsdkfjsdfbsjd;fjsdkfjsdfbsjd;fjsdkfjsdfbsjd;fjsdkfjsdfbsjd;fjsdkfjsdfbsjd;fjsdkfjsdfbsjd;fjsdkfjsdfbsjd;fjsdkfjsdfbsjd;fjsdkfjsdfbsjd;fjsdkfjsdfbsjd;fjsdkfjsdfbsjd;fjsdkfjsdfbsjd;fjsdkfjsdfbsjd;fjsdkfjsdfbsjd;fjsdkfjsdfbsjd;fjsdkfjsdfbsjd;fjsdkfjsdfbsjd;fjsdkfjsdfbsjd;fjsdkfjsdfbsjd;fjsdkfjsdfbsjd;fjsdkfjsdfbsjd;fjsdkfjsdfbsjd;fjsdkfjsdfbsjd;fjsdkfjsdfbsjd;fjsdkfjsdfbsjd;fjsdkfjsdfbsjd;fjsdkfjsdfbsjd;fjsdkfjsdfbsjd;fjsdkfjsdfbsjd;fjsdkfjsdfbsjd;fjsdkfjsdfbsjd;fjsdkfjsdfbsjd;fjsdkfjsdfbsjd;fjsdkfjsdfbsjd;fjsdkfjsdfbsjd;fjsdkfjsdfbsjd;fjsdkfjsdfbsjd;fjsdkfjsdfbsjd;fjsdkfjsdfbsjd;fjsdkfjsdfbsjd;fjsdkfjsdfbsjd;fjsdkfjsdfbsjd;fjsdkfjsdfbsjd;fjsdkfjsdfbsjd;fjsdkfjsdfbsjd;fjsdkfjsdfbsjd;fjsdkfjsdfbsjd;fjsdkfjsdfbsjd;fjsdkfjsdfbsjd;fjsdkfjsdfbsjd;fjsdkfjsdfbsjd;fjsdkfjsdfbsjd;fjsdkfjsdfbsjd;fjsdkfjsdfbsjd;fjsdkfjsdfbsjd;fjsdkfjsdfbsjd;fjsdkfjsdfbsjd;fjsdkfjsdfbsjd;fjsdkfjsdfbsjd;fjsdkfjsdfbsjd;fjsdkfjsdfbsjd;fjsdkfjsdfbsjd;fjsdkfjsdfbsjd;fjsdkfjsdfbsjd;fjsdkfjsdfbsjd;fjsdkfjsdfbsjd;fjsdkfjsdfbsjd;fjsdkfjsdfbsjd;fjsdkfjsdfbsjd;fjsdkfjsdfbsjd;fjsdkfjsdfbsjd;fjsdkfjsdfbsjd;fjsdkfjsdfbsjd;fjsdkfjsdfbsjd;fjsdkfjsdfbsjd;fjsdkfjsdfbsjd;fjsdkfjsdfbsjd;fjsdkfjsdfbsjd;fjsdkfjsdfbsjd;fjsdkfjsdfbsjd;fjsdkfjsdfbsjd;fjsdkfjsdfbsjd;fjsdkfjsdfbsjd;fjsdkfjsdfbsjd;fjsdkfjsdfbsjd;fjsdkfjsdfbsjd;fjsdkfjsdfbsjd;fjsdkfjsdfbsjd;fjsdkfjsdfbsjd;fjsdkfjsdfbsjd;fjsdkfjsdfbsjd;fjsdkfjsdfbsjd;fjsdkfjsdfbsjd;fjsdkfjsdfbsjd;fjsdkfjsdfbsjd;fjsdkfjsdfbsjd;fjsdkfjsdfbsjd;fjsdkfjsdfbsjd;fjsdkfjsdfbsjd;fjsdkfjsdfbsjd;fjsdkfjsdfbsjd;fjsdkfjsdfbsjd;fjsdkfjsdfbsjd;fjsdkfjsdfbsjd;fjsdkfjsdfbsjd;fjsdkfjsdfbsjd;fjsdkfjsdfbsjd;fjsdkfjsdfbsjd;fjsdkfjsdfbsjd;fjsdkfjsdfbsjd;fjsdkfjsdfbsjd;fjsdkfjsdfbsjd;fjsdkfjsdfbsjd;fjsdkfjsdfbsjd;fjsdkfjsdfbsjd;fjsdkfjsdfbsjd;fjsdkfjsdfbsjd;fjsdkfjsdfbsjd;fjsdkfjsdfbsjd;fjsdkfjsdfbsjd;fjsdkfjsdfbsjd;fjsdkfjsdfbsjd;fjsdkfjsdfbsjd;fjsdkfjsdfbsjd;fjsdkfjsdfbsjd;fjsdkfjsdfbsjd;fjsdkfjsdfbsjd;fjsdkfjsdfbsjd;fjsdkfjsdfbsjd;fjsdkfjsdfbsjd;fjsdkfjsdfbsjd;fjsdkfjsdfbsjd;fjsdkfjsdfbsjd;fjsdkfjsdfbsjd;fjsdkfjsdfbsjd;fjsdkfjsdfbsjd;fjsdkfjsdfbsjd;fjsdkfjsdfbsjd;fjsdkfjsdfbsjd;fjsdkfjsdfbsjd;fjsdkfjsdfbsjd;fjsdkfjsdfbsjd;fjsdkfjsdfbsjd;fjsdkfjsdfbsjd;fjsdkfjsdfbsjd;fjsdkfjsdfbsjd;fjsdkfjsdfbsjd;fjsdkfjsdfbsjd;fjsdkfjsdfbsjd;fjsdkfjsdfbsjd;fjsdkfjsdfbsjd;fjsdkfjsdfbsjd;fjsdkfjsdfbsjd;fjsdkfjsdfbsjd;fjsdkfjsdfbsjd;fjsdkfjsdfbsjd;fjsdkfjsdfbsjd;fjsdkfjsdfbsjd;fjsdkfjsdfbsjd;fjsdkfjsdfbsjd;fjsdkfjsdfbsjd;fjsdkfjsdfbsjd;fjsdkfjsdfbsjd;fjsdkfjsdfbsjd;fjsdkfjsdfbsjd;fjsdkfjsdfbsjd;fjsdkfjsdfbsjd;fjsdkfjsdfbsjd;fjsdkfjsdfbsjd;fjsdkfjsdfbsjd;fjsdkfjsdfbsjd;fjsdkfjsdfbsjd;fjsdkfjsdfbsjd;fjsdkfjsdfbsjd;fjsdkfjsdfbsjd;fjsdkfjsdfbsjd;fjsdkfjsdfbsjd;fjsdkfjsdfbsjd;fjsdkfjsdfbsjd;fjsdkfjsdfbsjd;fjsdkfjsdfbsjd;fjsdkfjsdfbsjd;fjsdkfjsdfbsjd;fjsdkfjsdfbsjd;fjsdkfjsdfbsjd;fjsdkfjsdfbsjd;fjsdkfjsdfbsjd;fjsdkfjsdfbsjd;fjsdkfjsdfbsjd;fjsdkfjsdfbsjd;fjsdkfjsdfbsjd;fjsdkfjsdfbsjd;fjsdkfjsdfbsjd;fjsdkfjsdfbsjd;fjsdkfjsdfbsjd;fjsdkfjsdfbsjd;fjsdkfjsdfbsjd;fjsdkfjsdfbsjd;fjsdkfjsdfbsjd;fjsdkfjsdfbsjd;fjsdkfjsdfbsjd;fjsdkfjsdfbsjd;fjsdkfjsdfbsjd;fjsdkfjsdfbsjd;fjsdkfjsdfbsjd;fjsdkfjsdfbsjd;fjsdkfjsdfbsjd;fjsdkfjsdfbsjd;fjsdkfjsdfbsjd;fjsdkfjsdfbsjd;fjsdkfjsdfbsjd;fjsdkfjsdfbsjd;fjsdkfjsdfbsjd;fjsdkfjsdfbsjd;fjsdkfjsdfbsjd;fjsdkfjsdfbsjd;fjsdkfjsdfbsjd;fjsdkfjsdfbsjd;fjsdkfjsdfbsjd;fjsdkfjsdfbsjd;fjsdkfjsdfbsjd;fjsdkfjsdfbsjd;fjsdkfjsdfbsjd;fjsdkfjsdfbsjd;fjsdkfjsdfbsjd;fjsdkfjsdfbsjd;fjsdkfjsdfbsjd;fjsdkfjsdfbsjd;fjsdkfjsdfbsjd;fjsdkfjsdfbsjd;fjsdkfjsdfbsjd;fjsdkfjsdfbsjd;fjsdkfjsdfbsjd;fjsdkfjsdfbsjd;fjsdkfjsdfbsjd;fjsdkfjsdfbsjd;fjsdkfjsdfbsjd;fjsdkfjsdfbsjd;fjsdkfjsdfbsjd;fjsdkfjsdfbsjd;fjsdkfjsdfbsjd;fjsdkfjsdfbsjd;fjsdkfjsdfbsjd;fjsdkfjsdfbsjd;fjsdkfjsdfbsjd;fjsdkfjsdfbsjd;fjsdkfjsdfbsjd;fjsdkfjsdfbsjd;fjsdkfjsdfbsjd;fjsdkfjsdfbsjd;fjsdkfjsdfbsjd;fjsdkfjsdfbsjd;fjsdkfjsdfbsjd;fjsdkfjsdfbsjd;fjsdkfjsdfbsjd;fjsdkfjsdfbsjd;fjsdkfjsdfbsjd;fjsdkfjsdfbsjd;fjsdkfjsdfbsjd;fjsdkfjsdfbsjd;fjsdkfjsdfbsjd;fjsdkfjsdfbsjd;fjsdkfjsdfbsjd;fjsdkfjsdfbsjd;fjsdkfjsdfbsjd;fjsdkfjsdfbsjd;fjsdkfjsdfbsjd;fjsdkfjsdfbsjd;fjsdkfjsdfbsjd;fjsdkfjsdfbsjd;fjsdkfjsdfbsjd;fjsdkfjsdfbsjd;fjsdkfjsdfbsjd;fjsdkfjsdfbsjd;fjsdkfjsdfbsjd;fjsdkfjsdfbsjd;fjsdkfjsdfbsjd;fjsdkfjsdfbsjd;fjsdkfjsdfbsjd;fjsdkfjsdfbsjd;fjsdkfjsdfbsjd;fjsdkfjsdfbsjd;fjsdkfjsdfbsjd;fjsdkfjsdfbsjd;fjsdkfjsdfbsjd;fjsdkfjsdfbsjd;fjsdkfjsdfbsjd;fjsdkfjsdfbsjd;fjsdkfjsdfbsjd;fjsdkfjsdfbsjd;fjsdkfjsdfbsjd;fjsdkfjsdfbsjd;fjsdkfjsdfbsjd;fjsdkfjsdfbsjd;fjsdkfjsdfbsjd;fjsdkfjsdfbsjd;fjsdkfjsdfbsjd;fjsdkfjsdfbsjd;fjsdkfjsdfbsjd;fjsdkfjsdfbsjd;fjsdkfjsdfbsjd;fjsdkfjsdfbsjd;fjsdkfjsdfbsjd;fjsdkfjsdfbsjd;fjsdkfjsdfbsjd;fjsdkfjsdfbsjd;fjsdkfjsdfbsjd;fjsdkfjsdfbsjd;fjsdkfjsdfbsjd;fjsdkfjsdfbsjd;fjsdkfjsdfbsjd;fjsdkfjsdfbsjd;fjsdkfjsdfbsjd;fjsdkfjsdfbsjd;fjsdkfjsdfbsjd;fjsdkfjsdfbsjd;fjsdkfjsdfbsjd;fjsdkfjsdfbsjd;fjsdkfjsdfbsjd;fjsdkfjsdfbsjd;fjsdkfjsdfbsjd;fjsdkfjsdfbsjd;fjsdkfjsdfbsjd;fjsdkfjsdfbsjd;fjsdkfjsdfbsjd;fjsdkfjsdfbsjd;fjsdkfjsdfbsjd;fjsdkfjsdfbsjd;fjsdkfjsdfbsjd;fjsdkfjsdfbsjd;fjsdkfjsdfbsjd;fjsdkfjsdfbsjd;fjsdkfjsdfbsjd;fjsdkfjsdfbsjd;fjsdkfjsdfbsjd;fjsdkfjsdfbsjd;fjsdkfjsdfbsjd;fjsdkfjsdfbsjd;fjsdkfjsdfbsjd;fjsdkfjsdfbsjd;fjsdkfjsdfbsjd;fjsdkfjsdfbsjd;fjsdkfjsdfbsjd;fjsdkfjsdfbsjd;fjsdkfjsdfbsjd;fjsdkfjsdfbsjd;fjsdkfjsdfbsjd;fjsdkfjsdfbsjd;fjsdkfjsdfbsjd;fjsdkfjsdfbsjd;fjsdkfjsdfbsjd;fjsdkfjsdfbsjd;fjsdkfjsdfbsjd;fjsdkfjsdfbsjd;fjsdkfjsdfbsjd;fjsdkfjsdfbsjd;fjsdkfjsdfbsjd;fjsdkfjsdfbsjd;fjsdkfjsdfbsjd;fjsdkfjsdfbsjd;fjsdkfjsdfbsjd;fjsdkfjsdfbsjd;fjsdkfjsdfbsjd;fjsdkfjsdfbsjd;fjsdkfjsdfbsjd;fjsdkfjsdfbsjd;fjsdkfjsdfbsjd;fjsdkfjsdfbsjd;fjsdkfjsdfbsjd;fjsdkfjsdfbsjd;fjsdkfjsdfbsjd;fjsdkfjsdfbsjd;fjsdkfjsdfbsjd;fjsdkfjsdfbsjd;fjsdkfjsdfbsjd;fjsdkfjsdfbsjd;fjsdkfjsdfbsjd;fjsdkfjsdfbsjd;fjsdkfjsdfbsjd;fjsdkfjsdfbsjd;fjsdkfjsdfbsjd;fjsdkfjsdfbsjd;fjsdkfjsdfbsjd;fjsdkfjsdfbsjd;fjsdkfjsdfbsjd;fjsdkfjsdfbsjd;fjsdkfjsdfbsjd;fjsdkfjsdfbsjd;fjsdkfjsdfbsjd;fjsdkfjsdfbsjd;fjsdkfjsdfbsjd;fjsdkfjsdfbsjd;fjsdkfjsdfbsjd;fjsdkfjsdfbsjd;fjsdkfjsdfbsjd;fjsdkfjsdfbsjd;fjsdkfjsdfbsjd;fjsdkfjsdfbsjd;fjsdkfjsdfbsjd;fjsdkfjsdfbsjd;fjsdkfjsdfbsjd;fjsdkfjsdfbsjd;fjsdkfjsdfbsjd;fjsdkfjsdfbsjd;fjsdkfjsdfbsjd;fjsdkfjsdfbsjd;fjsdkfjsdfbsjd;fjsdkfjsdfbsjd;fjsdkfjsdfbsjd;fjsdkfjsdfbsjd;fjsdkfjsdfbsjd;fjsdkfjsdfbsjd;fjsdkfjsdfbsjd;fjsdkfjsdfbsjd;fjsdkfjsdfbsjd;fjsdkfjsdfbsjd;fjsdkfjsdfbsjd;fjsdkfjsdfbsjd;fjsdkfjsdfbsjd;fjsdkfjsdfbsjd;fjsdkfjsdfbsjd;fjsdkfjsdfbsjd;fjsdkfjsdfbsjd;fjsdkfjsdfbsjd;fjsdkfjsdfbsjd;fjsdkfjsdfbsjd;fjsdkfjsdfbsjd;fjsdkfjsdfbsjd;fjsdkfjsdfbsjd;fjsdkfjsdfbsjd;fjsdkfjsdfbsjd;fjsdkfjsdfbsjd;fjsdkfjsdfbsjd;fjsdkfjsdfbsjd;fjsdkfjsdfbsjd;fjsdkfjsdfbsjd;fjsdkfjsdfbsjd;fjsdkfjsdfbsjd;fjsdkfjsdfbsjd;fjsdkfjsdfbsjd;fjsdkfjsdfbsjd;fjsdkfjsdfbsjd;fjsdkfj
sdfbsjd;fjsdkfjsdfbsjd;fjsdkfjsdfbsjd;fjsdkfjsdfbsjd;fjsdkfjsdfbsjd;fjsdkfjsdfbsjd;fjsdkfjsdfbsjd;fjsdkfjsdfbsjd;fjsdkfjsdfbsjd;fjsdkfjsdfbsjd;fjsdkfjsdfbsjd;fjsdkfjsdfbsjd;fjsdkfjsdfbsjd;fjsdkfjsdfbsjd;fjsdkfjsdfbsjd;fjsdkfjsdfbsjd;fjsdkfjsdfbsjd;fjsdkfjsdfbsjd;fjsdkfjsdfbsjd;fjsdkfjsdfbsjd;fjsdkfjsdfbsjd;fjsdkfjsdfbsjd;fjsdkfjsdfbsjd;fjsdkfjsdfbsjd;fjsdkfj
sdfbsjd;fjsdkfjsdfbsjd;fjsdkfjsdfbsjd;fjsdkfjsdfbsjd;fjsdkfjsdfbsjd;fjsdkfjsdfbsjd;fjsdkfjsdfbsjd;fjsdkfjsdfbsjd;fjsdkfjsdfbsjd;fjsdkfjsdfbsjd;fjsdkfjsdfbsjd;fjsdkfjsdfbsjd;fjsdkfjsdfbsjd;fjsdkfjsdfbsjd;fjsdkfjsdfbsjd;fjsdkfjsdfbsjd;fjsdkfjsdfbsjd;fjsdkfjsdfbsjd;fjsdkfjsdfbsjd;fjsdkfjsdfbsjd;fjsdkfjsdfbsjd;fjsdkfjsdfbsjd;fjsdkfjsdfbsjd;fjsdkfjsdfbsjd;fjsdkfj
sdfbsjd;fjsdkfjsdfbsjd;fjsdkfjsdfbsjd;fjsdkfjsdfbsjd;fjsdkfjsdfbsjd;fjsdkfjsdfbsjd;fjsdkfjsdfbsjd;fjsdkfjsdfbsjd;fjsdkfjsdfbsjd;fjsdkfjsdfbsjd;fjsdkfjsdfbsjd;fjsdkfjsdfbsjd;fjsdkfjsdfbsjd;fjsdkfjsdfbsjd;fjsdkfjsdfbsjd;fjsdkfjsdfbsjd;fjsdkfjsdfbsjd;fjsdkfjsdfbsjd;fjsdkfjsdfbsjd;fjsdkfjsdfbsjd;fjsdkfjsdfbsjd;fjsdkfjsdfbsjd;fjsdkfjsdfbsjd;fjsdkfjsdfbsjd;fjsdkfj
sdfbsjd;fjsdkfjsdfbsjd;fjsdkfjsdfbsjd;fjsdkfjsdfbsjd;fjsdkfjsdfbsjd;fjsdkfjsdfbsjd;fjsdkfjsdfbsjd;fjsdkfjsdfbsjd;fjsdkfjsdfbsjd;fjsdkfjsdfbsjd;fjsdkfjsdfbsjd;fjsdkfjsdfbsjd;fjsdkfjsdfbsjd;fjsdkfjsdfbsjd;fjsdkfjsdfbsjd;fjsdkfjsdfbsjd;fjsdkfjsdfbsjd;fjsdkfjsdfbsjd;fjsdkfjsdfbsjd;fjsdkfjsdfbsjd;fjsdkfjsdfbsjd;fjsdkfjsdfbsjd;fjsdkfjsdfbsjd;fjsdkfjsdfbsjd;fjsdkfjsdfbsjd;fjsdkfjsdfbsjd;fjsdkfjsdfbsjd;fjsdkfjsdfbsjd;fjsdkfjsdfbsjd;fjsdkfjsdfbsjd;fjsdkfjsdfbsjd;fjsdkfjsdfbsjd;fjsdkfjsdfbsjd;fjsdkfjsdfbsjd;fjsdkfjsdfbsjd;fjsdkfjsdfbsjd;fjsdkfjsdfbsjd;fjsdkfjsdfbsjd;fjsdkfjsdfbsjd;fjsdkfjsdfbsjd;fjsdkfjsdfbsjd;fjsdkfjsdfbsjd;fjsdkfjsdfbsjd;fjsdkfjsdfbsjd;fjsdkfjsdfbsjd;fjsdkfjsdfbsjd;fjsdkfjsdfbsjd;fjsdkfjsdfbsjd;fjsdkfjsdfbsjd;fjsdkfjsdfbsjd;fjsdkfjsdfbsjd;fjsdkfjsdfbsjd;fjsdkfjsdfbsjd;fjsdkfjsdfbsjd;fjsdkfjsdfbsjd;fjsdkfjsdfbsjd;fjsdkfjsdfbsjd;fjsdkfjsdfbsjd;fjsdkfjsdfbsjd;fjsdkfjsdfbsjd;fjsdkfjsdfbsjd;fjsdkfjsdfbsjd;fjsdkfjsdfbsjd;fjsdkfjsdfbsjd;fjsdkfjsdfbsjd;fjsdkfjsdfbsjd;fjsdkfjsdfbsjd;fjsdkfjsdfbsjd;fjsdkfjsdfbsjd;fjsdkfjsdfbsjd;fjsdkfjsdfbsjd;fjsdkfjsdfbsjd;fjsdkfjsdfbsjd;fjsdkfjsdfbsjd;fjsdkfjsdfbsjd;fjsdkfjsdfbsjd;fjsdkfjsdfbsjd;fjsdkfjsdfbsjd;fjsdkfjsdfbsjd;fjsdkfjsdfbsjd;fjsdkfjsdfbsjd;fjsdkfjsdfbsjd;fjsdkfjsdfbsjd;fjsdkfjsdfbsjd;fjsdkfjsdfbsjd;fjsdkfjsdfbsjd;fjsdkfjsdfbsjd;fjsdkfjsdfbsjd;fjsdkfjsdfbsjd;fjsdkfjsdfbsjd;fjsdkfjsdfbsjd;fjsdkfjsdfbsjd;fjsdkfjsdfbsjd;fjsdkfjsdfbsjd;fjsdkfjsdfbsjd;fjsdkfjsdfbsjd;fjsdkfjsdfbsjd;fjsdkfjsdfbsjd;fjsdkfjsdfbsjd;fjsdkfjsdfbsjd;fjsdkfjsdfbsjd;fjsdkfjsdfbsjd;fjsdkfjsdfbsjd;fjsdkfjsdfbsjd;fjsdkfjsdfbsjd;fjsdkfjsdfbsjd;fjsdkfjsdfbsjd;fjsdkfjsdfbsjd;fjsdkfjsdfbsjd;fjsdkfjsdfbsjd;fjsdkfjsdfbsjd;fjsdkfjsdfbsjd;fjsdkfjsdfbsjd;fjsdkfjsdfbsjd;fjsdkfjsdfbsjd;fjsdkfjsdfbsjd;fjsdkfjsdfbsjd;fjsdkfjsdfbsjd;fjsdkfjsdfbsjd;fjsdkfjsdfbsjd;fjsdkfjsdfbsjd;fjsdkfjsdfbsjd;fjsdkfjsdfbsjd;fjsdkfjsdfbsjd;fjsdkfjsdfbsjd;fjsdkfjsdfbsjd;fjsdkfjsdfbsjd;fjsdkfjsdfbsjd;fjsdkfjsdfbsjd;fjsdkfjsdfbsjd;fjsdkfjsdfbsjd;fjsdkfjsdfbsjd;fjsdkfjsdfbsjd;fjsdkfjsdfbsjd;fjsdkfjsdfbsjd;fjsdkfjsdfbsjd;fjsdkfjsdfbsjd;fjsdkfjsdfbsjd;fjsdkfjsdfbsjd;fjsdkfjsdfbsjd;fjsdkfjsdfbsjd;fjsdkfjsdfbsjd;fjsdkfjsdfbsjd;fjsdkfjsdfbsjd;fjsdkfjsdfbsjd;fjsdkfjsdfbsjd;fjsdkfjsdfbsjd;fjsdkfjsdfbsjd;fjsdkfjsdfbsjd;fjsdkfjsdfbsjd;fjsdkfjsdfbsjd;fjsdkfjsdfbsjd;fjsdkfjsdfbsjd;fjsdkfjsdfbsjd;fjsdkfjsdfbsjd;fjsdkfjsdfbsjd;fjsdkfjsdfbsjd;fjsdkfjsdfbsjd;fjsdkfjsdfbsjd;fjsdkfjsdfbsjd;fjsdkfjsdfbsjd;fjsdkfjsdfbsjd;fjsdkfjsdfbsjd;fjsdkfjsdfbsjd;fjsdkfjsdfbsjd;fjsdkfjsdfbsjd;fjsdkfjsdfbsjd;fjsdkfjsdfbsjd;fjsdkfjsdfbsjd;fjsdkfjsdfbsjd;fjsdkfjsdfbsjd;fjsdkfjsdfbsjd;fjsdkfjsdfbsjd;fjsdkfjsdfbsjd;fjsdkfjsdfbsjd;fjsdkfjsdfbsjd;fjsdkfjsdfbsjd;fjsdkfjsdfbsjd;fjsdkfjsdfbsjd;fjsdkfjsdfbsjd;fjsdkfjsdfbsjd;fjsdkfjsdfbsjd;fjsdkfjsdfbsjd;fjsdkfjsdfbsjd;fjsdkfjsdfbsjd;fjsdkfjsdfbsjd;fjsdkfjsdfbsjd;fjsdkfjsdfbsjd;fjsdkfjsdfbsjd;fjsdkfjsdfbsjd;fjsdkfjsdfbsjd;fjsdkfjsdfbsjd;fjsdkfjsdfbsjd;fjsdkfjsdfbsjd;fjsdkfjsdfbsjd;fjsdkfjsdfbsjd;fjsdkfjsdfbsjd;fjsdkfjsdfbsjd;fjsdkfjsdfbsjd;fjsdkfjsdfbsjd;fjsdkfjsdfbsjd;fjsdkfjsdfbsjd;fjsdkfjsdfbsjd;fjsdkfjsdfbsjd;fjsdkfjsdfbsjd;fjsdkfjsdfbsjd;fjsdkfjsdfbsjd;fjsdkfjsdfbsjd;fjsdkfjsdfbsjd;fjsdkfjsdfbsjd;fjsdkfjsdfbsjd;fjsdkfjsdfbsjd;fjsdkfjsdfbsjd;fjsdkfjsdfbsjd;fjsdkfjsdfbsjd;fjsdkfjsdfbsjd;fjsdkfjsdfbsjd;fjsdkfjsdfbsjd;fjsdkfjsdfbsjd;fjsdkfjsdfbsjd;fjsdkfjsdfbsjd;fjsdkfjsdfbsjd;fjsdkfjsdfbsjd;fjsdkfjsdfbsjd;fjsdkfjsdfbsjd;fjsdkfjsdfbsjd;fjsdkfjsdfbsjd;fjsdkfjsdfbsjd;fjsdkfjsdfbsjd;fjsdkfjsdfbsjd;fjsdkfjsdfbsjd;fjsdkfjsdfbsjd;fjsdkfjsdfbsjd;fjsdkfjsdfbsjd;fjsdkfjsdfbsjd;fjsdkfjsdfbsjd;fjsdkfjsdfbsjd;fjsdkfjsdfbsjd;fjsdkfjsdfbsjd;fjsdkfjsdfbsjd;fjsdkfjsdfbsjd;fjsdkfjsdfbsjd;fjsdkfjsdfbsjd;fjsdkfjsdfbsjd;fjsdkfjsdfbsjd;fjsdkfjsdfbsjd;fjsdkfjsdfbsjd;fjsdkfjsdfbsjd;fjsdkfjsdfbsjd;fjsdkfjsdfbsjd;fjsdkfjsdfbsjd;fjsdkfjsdfbsjd;fjsdkfjsdfbsjd;fjsdkfjsdfbsjd;fjsdkfjsdfbsjd;fjsdkfjsdfbsjd;fjsdkfjsdfbsjd;fjsdkfjsdfbsjd;fjsdkfjsdfbsjd;fjsdkfjsdfbsjd;fjsdkfjsdfbsjd;fjsdkfjsdfbsjd;fjsdkfjsdfbsjd;fjsdkfjsdfbsjd;fjsdkfjsdfbsjd;fjsdkfjsdfbsjd;fjsdkfjsdfbsjd;fjsdkfjsdfbsjd;fjsdkfjsdfbsjd;fjsdkfjsdfbsjd;fjsdkfjsdfbsjd;fjsdkfjsdfbsjd;fjsdkfjsdfbsjd;fjsdkfjsdfbsjd;fjsdkfjsdfbsjd;fjsdkfjsdfbsjd;fjsdkfjsdfbsjd;fjsdkfjsdfbsjd;fjsdkfjsdfbsjd;fjsdkfjsdfbsjd;fjsdkfjsdfbsjd;fjsdkfjsdfbsjd;fjsdkfjsdfbsjd;fjsdkfjsdfbsjd;fjsdkfjsdfbsjd;fjsdkfjsdfbsjd;fjsdkfjsdfbsjd;fjsdkfjsdfbsjd;fjsdkfjsdfbsjd;fjsdkfjsdfbsjd;fjsdkfjsdfbsjd;fjsdkfjsdfbsjd;fjsdkfjsdfbsjd;fjsdkfjsdfbsjd;fjsdkfjsdfbsjd;fjsdkfjsdfbsjd;fjsdkfjsdfbsjd;fjsdkfjsdfbsjd;fjsdkfjsdfbsjd;fjsdkfjsdfbsjd;fjsdkfjsdfbsjd;fjsdkfjsdfbsjd;fjsdkfjsdfbsjd;fjsdkfjsdfbsjd;fjsdkfjsdfbsjd;fjsdkfjsdfbsjd;fjsdkfjsdfbsjd;fjsdkfjsdfbsjd;fjsdkfjsdfbsjd;fjsdkfjsdfbsjd;fjsdkfjsdfbsjd;fjsdkfjsdfbsjd;fjsdkfjsdfbsjd;fjsdkfjsdfbsjd;fjsdkfjsdfbsjd;fjsdkfjsdfbsjd;fjsdkfjsdfbsjd;fjsdkfjsdfbsjd;fjsdkfjsdfbsjd;fjsdkfjsdfbsjd;fjsdkfjsdfbsjd;fjsdkfjsdfbsjd;fjsdkfjsdfbsjd;fjsdkfjsdfbsjd;fjsdkfjsdfbsjd;fjsdkfjsdfbsjd;fjsdkfjsdfbsjd;fjsdkfjsdfbsjd;fjsdkfjsdfbsjd;fjsdkfjsdfbsjd;fjsdkfjsdfbsjd;fjsdkfjsdfbsjd;fjsdkfjsdfbsjd;fjsdkfjsdfbsjd;fjsdkfjsdfbsjd;fjsdkfjsdfbsjd;fjsdkfjsdfbsjd;fjsdkfjsdfbsjd;fjsdkfjsdfbsjd;fjsdkfjsdfbsjd;fjsdkfjsdfbsjd;fjsdkfjsdfbsjd;fjsdkfjsdfbsjd;fjsdkfjsdfbsjd;fjsdkfjsdfbsjd;fjsdkfjsdfbsjd;fjsdkfjsdfbsjd;fjsdkfjsdfbsjd;fjsdkfjsdfbsjd;fjsdkfjsdfbsjd;fjsdkfjsdfbsjd;fjsdkfjsdfbsjd;fjsdkfjsdfbsjd;fjsdkfjsdfbsjd;fjsdkfjsdfbsjd;fjsdkfjsdfbsjd;fjsdkfjsdfbsjd;fjsdkfjsdfbsjd;fjsdkfjsdfbsjd;fjsdkfjsdfbsjd;fjsdkfjsdfbsjd;fjsdkfjsdfbsjd;fjsdkfjsdfbsjd;fjsdkfjsdfbsjd;fjsdkfjsdfbsjd;fjsdkfjsdfbsjd;fjsdkfjsdfbsjd;fjsdkfjsdfbsjd;fjsdkfjsdfbsjd;fjsdkfjsdfbsjd;fjsdkfjsdfbsjd;fjsdkfjsdfbsjd;fjsdkfjsdfbsjd;fjsdkfjsdfbsjd;fjsdkfjsdfbsjd;fjsdkfjsdfbsjd;fjsdkfjsdfbsjd;fjsdkfjsdfbsjd;fjsdkfjsdfbsjd;fjsdkfjsdfbsjd;fjsdkfjsdfbsjd;fjsdkfjsdfbsjd;fjsdkfjsdfbsjd;fjsdkfjsdfbsjd;fjsdkfjsdfbsjd;fjsdkfjsdfbsjd;fjsdkfjsdfbsjd;fjsdkfjsdfbsjd;fjsdkfjsdfbsjd;fjsdkfjsdfbsjd;fjsdkfjsdfbsjd;fjsdkfjsdfbsjd;fjsdkfjsdfbsjd;fjsdkfjsdfbsjd;fjsdkfjsdfbsjd;fjsdkfjsdfbsjd;fjsdkfjsdfbsjd;fjsdkfjsdfbsjd;fjsdkfjsdfbsjd;fjsdkfjsdfbsjd;fjsdkfjsdfbsjd;fjsdkfjsdfbsjd;fjsdkfjsdfbsjd;fjsdkfjsdfbsjd;fjsdkfjsdfbsjd;fjsdkfjsdfbsjd;fjsdkfjsdfbsjd;fjsdkfjsdfbsjd;fjsdkfjsdfbsjd;fjsdkfjsdfbsjd;fjsdkfjsdfbsjd;fjsdkfjsdfbsjd;fjsdkfjsdfbsjd;fjsdkfjsdfbsjd;fjsdkfjsdfbsjd;fjsdkfjsdfbsjd;fjsdkfjsdfbsjd;fjsdkfjsdfbsjd;fjsdkfjsdfbsjd;fjsdkfjsdfbsjd;fjsdkfjsdfbsjd;fjsdkfjsdfbsjd;fjsdkfjsdfbsjd;fjsdkfjsdfbsjd;fjsdkfjsdfbsjd;fjsdkfjsdfbsjd;fjsdkfjsdfbsjd;fjsdkfjsdfbsjd;fjsdkfjsdfbsjd;fjsdkfjsdfbsjd;fjsdkfjsdfbsjd;fjsdkfjsdfbsjd;fjsdkfjsdfbsjd;fjsdkfjsdfbsjd;fjsdkfjsdfbsjd;fjsdkfjsdfbsjd;fjsdkfjsdfbsjd;fjsdkfjsdfbsjd;fjsdkfjsdfbsjd;fjsdkfjsdfbsjd;fjsdkfjsdfbsjd;fjsdkfjsdfbsjd;fjsdkfjsdfbsjd;fjsdkfjsdfbsjd;fjsdkfjsdfbsjd;fjsdkfjsdfbsjd;fjsdkfjsdfbsjd;fjsdkfjsdfbsjd;fjsdkfjsdfbsjd;fjsdkfjsdfbsjd;fjsdkfjsdfbsjd;fjsdkfjsdfbsjd;fjsdkfjsdfbsjd;fjsdkfjsdfbsjd;fjsdkfjsdfbsjd;fjsdkfjsdfbsjd;fjsdkfjsdfbsjd;fjsdkfjsdfbsjd;fjsdkfjsdfbsjd;fjsdkfjsdfbsjd;fjsdkfjsdfbsjd;fjsdkfjsdfbsjd;fjsdkfjsdfbsjd;fjsdkfjsdfbsjd;fjsdkfjsdfbsjd;fjsdkfjsdfbsjd;fjsdkfjsdfbsjd;fjsdkfjsdfbsjd;fjsdkfjsdfbsjd;fjsdkfjsdfbsjd;fjsdkfjsdfbsjd;fjsdkfjsdfbsjd;fjsdkfjsdfbsjd;fjsdkfjsdfbsjd;fjsdkfjsdfbsjd;fjsdkfjsdfbsjd;fjsdkfjsdfbsjd;fjsdkfjsdfbsjd;fjsdkfjsdfbsjd;fjsdkfjsdfbsjd;fjsdkfjsdfbsjd;fjsdkfjsdfbsjd;fjsdkfjsdfbsjd;fjsdkfjsdfbsjd;fjsdkfjsdfbsjd;fjsdkfjsdfbsjd;fjsdkfjsdfbsjd;fjsdkfjsdfbsjd;fjsdkfjsdfbsjd;fjsdkfjsdfbsjd;fjsdkfjsdfbsjd;fjsdkfjsdfbsjd;fjsdkfjsdfbsjd;fjsdkfjsdfbsjd;fjsdkfjsdfbsjd;fjsdkfjsdfbsjd;fjsdkfjsdfbsjd;fjsdkfjsdfbsjd;fjsdkfjsdfbsjd;fjsdkfjsdfbsjd;fjsdkfjsdfbsjd;fjsdkfjsdfbsjd;fjsdkfjsdfbsjd;fjsdkfjsdfbsjd;fjsdkfj
sdfbsjd;fjsdkfjsdfbsjd;fjsdkfjsdfbsjd;fjsdkfjsdfbsjd;fjsdkfjsdfbsjd;fjsdkfjsdfbsjd;fjsdkfjsdfbsjd;fjsdkfjsdfbsjd;fjsdkfjsdfbsjd;fjsdkfjsdfbsjd;fjsdkfjsdfbsjd;fjsdkfjsdfbsjd;fjsdkfjsdfbsjd;fjsdkfjsdfbsjd;fjsdkfjsdfbsjd;fjsdkfjsdfbsjd;fjsdkfjsdfbsjd;fjsdkfjsdfbsjd;fjsdkfjsdfbsjd;fjsdkfjsdfbsjd;fjsdkfjsdfbsjd;fjsdkfjsdfbsjd;fjsdkfjsdfbsjd;fjsdkfjsdfbsjd;fjsdkfj
sdfbsjd;fjsdkfjsdfbsjd;fjsdkfjsdfbsjd;fjsdkfjsdfbsjd;fjsdkfjsdfbsjd;fjsdkfjsdfbsjd;fjsdkfjsdfbsjd;fjsdkfjsdfbsjd;fjsdkfjsdfbsjd;fjsdkfjsdfbsjd;fjsdkfjsdfbsjd;fjsdkfjsdfbsjd;fjsdkfjsdfbsjd;fjsdkfjsdfbsjd;fjsdkfjsdfbsjd;fjsdkfjsdfbsjd;fjsdkfjsdfbsjd;fjsdkfjsdfbsjd;fjsdkfjsdfbsjd;fjsdkfjsdfbsjd;fjsdkfjsdfbsjd;fjsdkfjsdfbsjd;fjsdkfjsdfbsjd;fjsdkfjsdfbsjd;fjsdkfj
sdfbsjd;fjsdkfjsdfbsjd;fjsdkfjsdfbsjd;fjsdkfjsdfbsjd;fjsdkfjsdfbsjd;fjsdkfjsdfbsjd;fjsdkfjsdfbsjd;fjsdkfjsdfbsjd;fjsdkfjsdfbsjd;fjsdkfjsdfbsjd;fjsdkfjsdfbsjd;fjsdkfjsdfbsjd;fjsdkfjsdfbsjd;fjsdkfjsdfbsjd;fjsdkfjsdfbsjd;fjsdkfjsdfbsjd;fjsdkfjsdfbsjd;fjsdkfjsdfbsjd;fjsdkfjsdfbsjd;fjsdkfjsdfbsjd;fjsdkfjsdfbsjd;fjsdkfjsdfbsjd;fjsdkfjsdfbsjd;fjsdkfjsdfbsjd;fjsdkfj
sdfbsjd;fjsdkfjsdfbsjd;fjsdkfjsdfbsjd;fjsdkfjsdfbsjd;fjsdkfjsdfbsjd;fjsdkfjsdfbsjd;fjsdkfjsdfbsjd;fjsdkfjsdfbsjd;fjsdkfjsdfbsjd;fjsdkfjsdfbsjd;fjsdkfjsdfbsjd;fjsdkfjsdfbsjd;fjsdkfjsdfbsjd;fjsdkfjsdfbsjd;fjsdkfjsdfbsjd;fjsdkfjsdfbsjd;fjsdkfjsdfbsjd;fjsdkfjsdfbsjd;fjsdkfjsdfbsjd;fjsdkfjsdfbsjd;fjsdkfjsdfbsjd;fjsdkfjsdfbsjd;fjsdkfjsdfbsjd;fjsdkfjsdfbsjd;fjsdkfjsdfbsjd;fjsdkfjsdfbsjd;fjsdkfjsdfbsjd;fjsdkfjsdfbsjd;fjsdkfjsdfbsjd;fjsdkfjsdfbsjd;fjsdkfjsdfbsjd;fjsdkfjsdfbsjd;fjsdkfjsdfbsjd;fjsdkfjsdfbsjd;fjsdkfjsdfbsjd;fjsdkfjsdfbsjd;fjsdkfjsdfbsjd;fjsdkfjsdfbsjd;fjsdkfjsdfbsjd;fjsdkfjsdfbsjd;fjsdkfjsdfbsjd;fjsdkfjsdfbsjd;fjsdkfjsdfbsjd;fjsdkfjsdfbsjd;fjsdkfjsdfbsjd;fjsdkfjsdfbsjd;fjsdkfjsdfbsjd;fjsdkfjsdfbsjd;fjsdkfjsdfbsjd;fjsdkfjsdfbsjd;fjsdkfjsdfbsjd;fjsdkfjsdfbsjd;fjsdkfjsdfbsjd;fjsdkfjsdfbsjd;fjsdkfjsdfbsjd;fjsdkfjsdfbsjd;fjsdkfjsdfbsjd;fjsdkfjsdfbsjd;fjsdkfjsdfbsjd;fjsdkfjsdfbsjd;fjsdkfjsdfbsjd;fjsdkfjsdfbsjd;fjsdkfjsdfbsjd;fjsdkfjsdfbsjd;fjsdkfjsdfbsjd;fjsdkfjsdfbsjd;fjsdkfjsdfbsjd;fjsdkfjsdfbsjd;fjsdkfjsdfbsjd;fjsdkfjsdfbsjd;fjsdkfjsdfbsjd;fjsdkfjsdfbsjd;fjsdkfjsdfbsjd;fjsdkfjsdfbsjd;fjsdkfjsdfbsjd;fjsdkfjsdfbsjd;fjsdkfjsdfbsjd;fjsdkfjsdfbsjd;fjsdkfjsdfbsjd;fjsdkfjsdfbsjd;fjsdkfjsdfbsjd;fjsdkfjsdfbsjd;fjsdkfjsdfbsjd;fjsdkfjsdfbsjd;fjsdkfjsdfbsjd;fjsdkfjsdfbsjd;fjsdkfjsdfbsjd;fjsdkfjsdfbsjd;fjsdkfjsdfbsjd;fjsdkfjsdfbsjd;fjsdkfjsdfbsjd;fjsdkfjsdfbsjd;fjsdkfjsdfbsjd;fjsdkfjsdfbsjd;fjsdkfjsdfbsjd;fjsdkfjsdfbsjd;fjsdkfjsdfbsjd;fjsdkfjsdfbsjd;fjsdkfjsdfbsjd;fjsdkfjsdfbsjd;fjsdkfjsdfbsjd;fjsdkfjsdfbsjd;fjsdkfjsdfbsjd;fjsdkfjsdfbsjd;fjsdkfjsdfbsjd;fjsdkfjsdfbsjd;fjsdkfjsdfbsjd;fjsdkfjsdfbsjd;fjsdkfjsdfbsjd;fjsdkfjsdfbsjd;fjsdkfjsdfbsjd;fjsdkfjsdfbsjd;fjsdkfjsdfbsjd;fjsdkfjsdfbsjd;fjsdkfjsdfbsjd;fjsdkfjsdfbsjd;fjsdkfjsdfbsjd;fjsdkfjsdfbsjd;fjsdkfjsdfbsjd;fjsdkfjsdfbsjd;fjsdkfjsdfbsjd;fjsdkfjsdfbsjd;fjsdkfjsdfbsjd;fjsdkfjsdfbsjd;fjsdkfjsdfbsjd;fjsdkfjsdfbsjd;fjsdkfjsdfbsjd;fjsdkfjsdfbsjd;fjsdkfjsdfbsjd;fjsdkfjsdfbsjd;fjsdkfjsdfbsjd;fjsdkfjsdfbsjd;fjsdkfjsdfbsjd;fjsdkfjsdfbsjd;fjsdkfjsdfbsjd;fjsdkfjsdfbsjd;fjsdkfjsdfbsjd;fjsdkfjsdfbsjd;fjsdkfjsdfbsjd;fjsdkfjsdfbsjd;fjsdkfjsdfbsjd;fjsdkfjsdfbsjd;fjsdkfjsdfbsjd;fjsdkfjsdfbsjd;fjsdkfjsdfbsjd;fjsdkfjsdfbsjd;fjsdkfjsdfbsjd;fjsdkfjsdfbsjd;fjsdkfjsdfbsjd;fjsdkfjsdfbsjd;fjsdkfjsdfbsjd;fjsdkfjsdfbsjd;fjsdkfjsdfbsjd;fjsdkfjsdfbsjd;fjsdkfjsdfbsjd;fjsdkfjsdfbsjd;fjsdkfjsdfbsjd;fjsdkfjsdfbsjd;fjsdkfjsdfbsjd;fjsdkfjsdfbsjd;fjsdkfjsdfbsjd;fjsdkfjsdfbsjd;fjsdkfjsdfbsjd;fjsdkfjsdfbsjd;fjsdkfjsdfbsjd;fjsdkfjsdfbsjd;fjsdkfjsdfbsjd;fjsdkfjsdfbsjd;fjsdkfjsdfbsjd;fjsdkfjsdfbsjd;fjsdkfjsdfbsjd;fjsdkfjsdfbsjd;fjsdkfjsdfbsjd;fjsdkfjsdfbsjd;fjsdkfjsdfbsjd;fjsdkfjsdfbsjd;fjsdkfjsdfbsjd;fjsdkfjsdfbsjd;fjsdkfjsdfbsjd;fjsdkfjsdfbsjd;fjsdkfjsdfbsjd;fjsdkfjsdfbsjd;fjsdkfjsdfbsjd;fjsdkfjsdfbsjd;fjsdkfjsdfbsjd;fjsdkfjsdfbsjd;fjsdkfjsdfbsjd;fjsdkfjsdfbsjd;fjsdkfjsdfbsjd;fjsdkfjsdfbsjd;fjsdkfjsdfbsjd;fjsdkfjsdfbsjd;fjsdkfjsdfbsjd;fjsdkfjsdfbsjd;fjsdkfjsdfbsjd;fjsdkfjsdfbsjd;fjsdkfjsdfbsjd;fjsdkfjsdfbsjd;fjsdkfjsdfbsjd;fjsdkfjsdfbsjd;fjsdkfjsdfbsjd;fjsdkfjsdfbsjd;fjsdkfjsdfbsjd;fjsdkfjsdfbsjd;fjsdkfjsdfbsjd;fjsdkfjsdfbsjd;fjsdkfjsdfbsjd;fjsdkfjsdfbsjd;fjsdkfjsdfbsjd;fjsdkfjsdfbsjd;fjsdkfjsdfbsjd;fjsdkfjsdfbsjd;fjsdkfjsdfbsjd;fjsdkfjsdfbsjd;fjsdkfjsdfbsjd;fjsdkfjsdfbsjd;fjsdkfjsdfbsjd;fjsdkfjsdfbsjd;fjsdkfjsdfbsjd;fjsdkfjsdfbsjd;fjsdkfjsdfbsjd;fjsdkfjsdfbsjd;fjsdkfjsdfbsjd;fjsdkfjsdfbsjd;fjsdkfjsdfbsjd;fjsdkfjsdfbsjd;fjsdkfjsdfbsjd;fjsdkfjsdfbsjd;fjsdkfjsdfbsjd;fjsdkfjsdfbsjd;fjsdkfjsdfbsjd;fjsdkfjsdfbsjd;fjsdkfjsdfbsjd;fjsdkfjsdfbsjd;fjsdkfjsdfbsjd;fjsdkfjsdfbsjd;fjsdkfjsdfbsjd;fjsdkfjsdfbsjd;fjsdkfjsdfbsjd;fjsdkfjsdfbsjd;fjsdkfjsdfbsjd;fjsdkfjsdfbsjd;fjsdkfjsdfbsjd;fjsdkfjsdfbsjd;fjsdkfjsdfbsjd;fjsdkfjsdfbsjd;fjsdkfjsdfbsjd;fjsdkfjsdfbsjd;fjsdkfjsdfbsjd;fjsdkfjsdfbsjd;fjsdkfjsdfbsjd;fjsdkfjsdfbsjd;fjsdkfjsdfbsjd;fjsdkfjsdfbsjd;fjsdkfjsdfbsjd;fjsdkfjsdfbsjd;fjsdkfjsdfbsjd;fjsdkfjsdfbsjd;fjsdkfjsdfbsjd;fjsdkfjsdfbsjd;fjsdkfjsdfbsjd;fjsdkfjsdfbsjd;fjsdkfjsdfbsjd;fjsdkfjsdfbsjd;fjsdkfjsdfbsjd;fjsdkfjsdfbsjd;fjsdkfjsdfbsjd;fjsdkfjsdfbsjd;fjsdkfjsdfbsjd;fjsdkfjsdfbsjd;fjsdkfjsdfbsjd;fjsdkfjsdfbsjd;fjsdkfjsdfbsjd;fjsdkfjsdfbsjd;fjsdkfjsdfbsjd;fjsdkfjsdfbsjd;fjsdkfjsdfbsjd;fjsdkfjsdfbsjd;fjsdkfjsdfbsjd;fjsdkfjsdfbsjd;fjsdkfjsdfbsjd;fjsdkfjsdfbsjd;fjsdkfjsdfbsjd;fjsdkfjsdfbsjd;fjsdkfjsdfbsjd;fjsdkfjsdfbsjd;fjsdkfjsdfbsjd;fjsdkfjsdfbsjd;fjsdkfjsdfbsjd;fjsdkfjsdfbsjd;fjsdkfjsdfbsjd;fjsdkfjsdfbsjd;fjsdkfjsdfbsjd;fjsdkfjsdfbsjd;fjsdkfjsdfbsjd;fjsdkfjsdfbsjd;fjsdkfjsdfbsjd;fjsdkfjsdfbsjd;fjsdkfjsdfbsjd;fjsdkfjsdfbsjd;fjsdkfjsdfbsjd;fjsdkfjsdfbsjd;fjsdkfjsdfbsjd;fjsdkfjsdfbsjd;fjsdkfjsdfbsjd;fjsdkfjsdfbsjd;fjsdkfjsdfbsjd;fjsdkfjsdfbsjd;fjsdkfjsdfbsjd;fjsdkfjsdfbsjd;fjsdkfjsdfbsjd;fjsdkfjsdfbsjd;fjsdkfjsdfbsjd;fjsdkfjsdfbsjd;fjsdkfjsdfbsjd;fjsdkfjsdfbsjd;fjsdkfjsdfbsjd;fjsdkfjsdfbsjd;fjsdkfjsdfbsjd;fjsdkfjsdfbsjd;fjsdkfjsdfbsjd;fjsdkfjsdfbsjd;fjsdkfjsdfbsjd;fjsdkfjsdfbsjd;fjsdkfjsdfbsjd;fjsdkfjsdfbsjd;fjsdkfjsdfbsjd;fjsdkfjsdfbsjd;fjsdkfjsdfbsjd;fjsdkfjsdfbsjd;fjsdkfjsdfbsjd;fjsdkfjsdfbsjd;fjsdkfjsdfbsjd;fjsdkfjsdfbsjd;fjsdkfjsdfbsjd;fjsdkfjsdfbsjd;fjsdkfjsdfbsjd;fjsdkfjsdfbsjd;fjsdkfjsdfbsjd;fjsdkfjsdfbsjd;fjsdkfjsdfbsjd;fjsdkfjsdfbsjd;fjsdkfjsdfbsjd;fjsdkfjsdfbsjd;fjsdkfjsdfbsjd;fjsdkfjsdfbsjd;fjsdkfjsdfbsjd;fjsdkfjsdfbsjd;fjsdkfjsdfbsjd;fjsdkfjsdfbsjd;fjsdkfjsdfbsjd;fjsdkfjsdfbsjd;fjsdkfjsdfbsjd;fjsdkfjsdfbsjd;fjsdkfjsdfbsjd;fjsdkfjsdfbsjd;fjsdkfjsdfbsjd;fjsdkfjsdfbsjd;fjsdkfjsdfbsjd;fjsdkfjsdfbsjd;fjsdkfjsdfbsjd;fjsdkfjsdfbsjd;fjsdkfjsdfbsjd;fjsdkfjsdfbsjd;fjsdkfjsdfbsjd;fjsdkfjsdfbsjd;fjsdkfjsdfbsjd;fjsdkfjsdfbsjd;fjsdkfjsdfbsjd;fjsdkfjsdfbsjd;fjsdkfjsdfbsjd;fjsdkfjsdfbsjd;fjsdkfjsdfbsjd;fjsdkfjsdfbsjd;fjsdkfjsdfbsjd;fjsdkfjsdfbsjd;fjsdkfjsdfbsjd;fjsdkfjsdfbsjd;fjsdkfjsdfbsjd;fjsdkfjsdfbsjd;fjsdkfjsdfbsjd;fjsdkfjsdfbsjd;fjsdkfjsdfbsjd;fjsdkfjsdfbsjd;fjsdkfjsdfbsjd;fjsdkfjsdfbsjd;fjsdkfjsdfbsjd;fjsdkfjsdfbsjd;fjsdkfjsdfbsjd;fjsdkfjsdfbsjd;fjsdkfjsdfbsjd;fjsdkfjsdfbsjd;fjsdkfjsdfbsjd;fjsdkfjsdfbsjd;fjsdkfjsdfbsjd;fjsdkfjsdfbsjd;fjsdkfjsdfbsjd;fjsdkfjsdfbsjd;fjsdkfjsdfbsjd;fjsdkfjsdfbsjd;fjsdkfjsdfbsjd;fjsdkfjsdfbsjd;fjsdkfjsdfbsjd;fjsdkfjsdfbsjd;fjsdkfjsdfbsjd;fjsdkfjsdfbsjd;fjsdkfjsdfbsjd;fjsdkfjsdfbsjd;fjsdkfjsdfbsjd;fjsdkfjsdfbsjd;fjsdkfjsdfbsjd;fjsdkfjsdfbsjd;fjsdkfjsdfbsjd;fjsdkfjsdfbsjd;fjsdkfjsdfbsjd;fjsdkfjsdfbsjd;fjsdkfjsdfbsjd;fjsdkfjsdfbsjd;fjsdkfjsdfbsjd;fjsdkfjsdfbsjd;fjsdkfjsdfbsjd;fjsdkfjsdfbsjd;fjsdkfjsdfbsjd;fjsdkfjsdfbsjd;fjsdkfjsdfbsjd;fjsdkfjsdfbsjd;fjsdkfjsdfbsjd;fjsdkfjsdfbsjd;fjsdkfjsdfbsjd;fjsdkfjsdfbsjd;fjsdkfjsdfbsjd;fjsdkfjsdfbsjd;fjsdkfjsdfbsjd;fjsdkfjsdfbsjd;fjsdkfjsdfbsjd;fjsdkfjsdfbsjd;fjsdkfjsdfbsjd;fjsdkfjsdfbsjd;fjsdkfjsdfbsjd;fjsdkfjsdfbsjd;fjsdkfjsdfbsjd;fjsdkfjsdfbsjd;fjsdkfjsdfbsjd;fjsdkfjsdfbsjd;fjsdkfjsdfbsjd;fjsdkfjsdfbsjd;fjsdkfjsdfbsjd;fjsdkfjsdfbsjd;fjsdkfjsdfbsjd;fjsdkfjsdfbsjd;fjsdkfjsdfbsjd;fjsdkfjsdfbsjd;fjsdkfjsdfbsjd;fjsdkfjsdfbsjd;fjsdkfjsdfbsjd;fjsdkfjsdfbsjd;fjsdkfjsdfbsjd;fjsdkfjsdfbsjd;fjsdkfjsdfbsjd;fjsdkfjsdfbsjd;fjsdkfjsdfbsjd;fjsdkfjsdfbsjd;fjsdkfjsdfbsjd;fjsdkfjsdfbsjd;fjsdkfjsdfbsjd;fjsdkfjsdfbsjd;fjsdkfjsdfbsjd;fjsdkfjsdfbsjd;fjsdkfjsdfbsjd;fjsdkfjsdfbsjd;fjsdkfjsdfbsjd;fjsdkfjsdfbsjd;fjsdkfjsdfbsjd;fjsdkfjsdfbsjd;fjsdkfjsdfbsjd;fjsdkfjsdfbsjd;fjsdkfjsdfbsjd;fjsdkfjsdfbsjd;fjsdkfjsdfbsjd;fjsdkfjsdfbsjd;fjsdkfjsdfbsjd;fjsdkfjsdfbsjd;fjsdkfjsdfbsjd;fjsdkfjsdfbsjd;fjsdkfjsdfbsjd;fjsdkfjsdfbsjd;fjsdkfjsdfbsjd;fjsdkfjsdfbsjd;fjsdkfjsdfbsjd;fjsdkfjsdfbsjd;fjsdkfjsdfbsjd;fjsdkfjsdfbsjd;fjsdkfjsdfbsjd;fjsdkfjsdfbsjd;fjsdkfjsdfbsjd;fjsdkfjsdfbsjd;fjsdkfjsdfbsjd;fjsdkfjsdfbsjd;fjsdkfjsdfbsjd;fjsdkfjsdfbsjd;fjsdkfjsdfbsjd;fjsdkfjsdfbsjd;fjsdkfjsdfbsjd;fjsdkfjsdfbsjd;fjsdkfj
sdfbsjd;fjsdkfjsdfbsjd;fjsdkfjsdfbsjd;fjsdkfjsdfbsjd;fjsdkfjsdfbsjd;fjsdkfjsdfbsjd;fjsdkfjsdfbsjd;fjsdkfjsdfbsjd;fjsdkfjsdfbsjd;fjsdkfjsdfbsjd;fjsdkfjsdfbsjd;fjsdkfjsdfbsjd;fjsdkfjsdfbsjd;fjsdkfjsdfbsjd;fjsdkfjsdfbsjd;fjsdkfjsdfbsjd;fjsdkfjsdfbsjd;fjsdkfjsdfbsjd;fjsdkfjsdfbsjd;fjsdkfjsdfbsjd;fjsdkfjsdfbsjd;fjsdkfjsdfbsjd;fjsdkfjsdfbsjd;fjsdkfjsdfbsjd;fjsdkfj
sdfbsjd;fjsdkfjsdfbsjd;fjsdkfjsdfbsjd;fjsdkfjsdfbsjd;fjsdkfjsdfbsjd;fjsdkfjsdfbsjd;fjsdkfjsdfbsjd;fjsdkfjsdfbsjd;fjsdkfjsdfbsjd;fjsdkfjsdfbsjd;fjsdkfjsdfbsjd;fjsdkfjsdfbsjd;fjsdkfjsdfbsjd;fjsdkfjsdfbsjd;fjsdkfjsdfbsjd;fjsdkfjsdfbsjd;fjsdkfjsdfbsjd;fjsdkfjsdfbsjd;fjsdkfjsdfbsjd;fjsdkfjsdfbsjd;fjsdkfjsdfbsjd;fjsdkfjsdfbsjd;fjsdkfjsdfbsjd;fjsdkfjsdfbsjd;fjsdkfj
sdfbsjd;fjsdkfjsdfbsjd;fjsdkfjsdfbsjd;fjsdkfjsdfbsjd;fjsdkfjsdfbsjd;fjsdkfjsdfbsjd;fjsdkfjsdfbsjd;fjsdkfjsdfbsjd;fjsdkfjsdfbsjd;fjsdkfjsdfbsjd;fjsdkfjsdfbsjd;fjsdkfjsdfbsjd;fjsdkfjsdfbsjd;fjsdkfjsdfbsjd;fjsdkfjsdfbsjd;fjsdkfjsdfbsjd;fjsdkfjsdfbsjd;fjsdkfjsdfbsjd;fjsdkfjsdfbsjd;fjsdkfjsdfbsjd;fjsdkfjsdfbsjd;fjsdkfjsdfbsjd;fjsdkfjsdfbsjd;fjsdkfjsdfbsjd;fjsdkfj
sdfbsjd;fjsdkfjsdfbsjd;fjsdkfjsdfbsjd;fjsdkfjsdfbsjd;fjsdkfjsdfbsjd;fjsdkfjsdfbsjd;fjsdkfjsdfbsjd;fjsdkfjsdfbsjd;fjsdkfjsdfbsjd;fjsdkfjsdfbsjd;fjsdkfjsdfbsjd;fjsdkfjsdfbsjd;fjsdkfjsdfbsjd;fjsdkfjsdfbsjd;fjsdkfjsdfbsjd;fjsdkfjsdfbsjd;fjsdkfjsdfbsjd;fjsdkfjsdfbsjd;fjsdkfjsdfbsjd;fjsdkfjsdfbsjd;fjsdkfjsdfbsjd;fjsdkfjsdfbsjd;fjsdkfjsdfbsjd;fjsdkfjsdfbsjd;fjsdkfjsdfbsjd;fjsdkfjsdfbsjd;fjsdkfjsdfbsjd;fjsdkfjsdfbsjd;fjsdkfjsdfbsjd;fjsdkfjsdfbsjd;fjsdkfjsdfbsjd;fjsdkfjsdfbsjd;fjsdkfjsdfbsjd;fjsdkfjsdfbsjd;fjsdkfjsdfbsjd;fjsdkfjsdfbsjd;fjsdkfjsdfbsjd;fjsdkfjsdfbsjd;fjsdkfjsdfbsjd;fjsdkfjsdfbsjd;fjsdkfjsdfbsjd;fjsdkfjsdfbsjd;fjsdkfjsdfbsjd;fjsdkfjsdfbsjd;fjsdkfjsdfbsjd;fjsdkfjsdfbsjd;fjsdkfjsdfbsjd;fjsdkfjsdfbsjd;fjsdkfjsdfbsjd;fjsdkfjsdfbsjd;fjsdkfjsdfbsjd;fjsdkfjsdfbsjd;fjsdkfjsdfbsjd;fjsdkfjsdfbsjd;fjsdkfjsdfbsjd;fjsdkfjsdfbsjd;fjsdkfjsdfbsjd;fjsdkfjsdfbsjd;fjsdkfjsdfbsjd;fjsdkfjsdfbsjd;fjsdkfjsdfbsjd;fjsdkfjsdfbsjd;fjsdkfjsdfbsjd;fjsdkfjsdfbsjd;fjsdkfjsdfbsjd;fjsdkfjsdfbsjd;fjsdkfjsdfbsjd;fjsdkfjsdfbsjd;fjsdkfjsdfbsjd;fjsdkfjsdfbsjd;fjsdkfjsdfbsjd;fjsdkfjsdfbsjd;fjsdkfjsdfbsjd;fjsdkfjsdfbsjd;fjsdkfjsdfbsjd;fjsdkfjsdfbsjd;fjsdkfjsdfbsjd;fjsdkfjsdfbsjd;fjsdkfjsdfbsjd;fjsdkfjsdfbsjd;fjsdkfjsdfbsjd;fjsdkfjsdfbsjd;fjsdkfjsdfbsjd;fjsdkfjsdfbsjd;fjsdkfjsdfbsjd;fjsdkfjsdfbsjd;fjsdkfjsdfbsjd;fjsdkfjsdfbsjd;fjsdkfjsdfbsjd;fjsdkfjsdfbsjd;fjsdkfjsdfbsjd;fjsdkfjsdfbsjd;fjsdkfjsdfbsjd;fjsdkfjsdfbsjd;fjsdkfjsdfbsjd;fjsdkfjsdfbsjd;fjsdkfjsdfbsjd;fjsdkfjsdfbsjd;fjsdkfjsdfbsjd;fjsdkfjsdfbsjd;fjsdkfjsdfbsjd;fjsdkfjsdfbsjd;fjsdkfjsdfbsjd;fjsdkfjsdfbsjd;fjsdkfjsdfbsjd;fjsdkfjsdfbsjd;fjsdkfjsdfbsjd;fjsdkfjsdfbsjd;fjsdkfjsdfbsjd;fjsdkfjsdfbsjd;fjsdkfjsdfbsjd;fjsdkfjsdfbsjd;fjsdkfjsdfbsjd;fjsdkfjsdfbsjd;fjsdkfjsdfbsjd;fjsdkfjsdfbsjd;fjsdkfjsdfbsjd;fjsdkfjsdfbsjd;fjsdkfjsdfbsjd;fjsdkfjsdfbsjd;fjsdkfjsdfbsjd;fjsdkfjsdfbsjd;fjsdkfjsdfbsjd;fjsdkfjsdfbsjd;fjsdkfjsdfbsjd;fjsdkfjsdfbsjd;fjsdkfjsdfbsjd;fjsdkfjsdfbsjd;fjsdkfjsdfbsjd;fjsdkfjsdfbsjd;fjsdkfjsdfbsjd;fjsdkfjsdfbsjd;fjsdkfjsdfbsjd;fjsdkfjsdfbsjd;fjsdkfjsdfbsjd;fjsdkfjsdfbsjd;fjsdkfjsdfbsjd;fjsdkfjsdfbsjd;fjsdkfjsdfbsjd;fjsdkfjsdfbsjd;fjsdkfjsdfbsjd;fjsdkfjsdfbsjd;fjsdkfjsdfbsjd;fjsdkfjsdfbsjd;fjsdkfjsdfbsjd;fjsdkfjsdfbsjd;fjsdkfjsdfbsjd;fjsdkfjsdfbsjd;fjsdkfjsdfbsjd;fjsdkfjsdfbsjd;fjsdkfjsdfbsjd;fjsdkfjsdfbsjd;fjsdkfjsdfbsjd;fjsdkfjsdfbsjd;fjsdkfjsdfbsjd;fjsdkfjsdfbsjd;fjsdkfjsdfbsjd;fjsdkfjsdfbsjd;fjsdkfjsdfbsjd;fjsdkfjsdfbsjd;fjsdkfjsdfbsjd;fjsdkfjsdfbsjd;fjsdkfjsdfbsjd;fjsdkfjsdfbsjd;fjsdkfjsdfbsjd;fjsdkfjsdfbsjd;fjsdkfjsdfbsjd;fjsdkfjsdfbsjd;fjsdkfjsdfbsjd;fjsdkfjsdfbsjd;fjsdkfjsdfbsjd;fjsdkfjsdfbsjd;fjsdkfjsdfbsjd;fjsdkfjsdfbsjd;fjsdkfjsdfbsjd;fjsdkfjsdfbsjd;fjsdkfjsdfbsjd;fjsdkfjsdfbsjd;fjsdkfjsdfbsjd;fjsdkfjsdfbsjd;fjsdkfjsdfbsjd;fjsdkfjsdfbsjd;fjsdkfjsdfbsjd;fjsdkfjsdfbsjd;fjsdkfjsdfbsjd;fjsdkfjsdfbsjd;fjsdkfjsdfbsjd;fjsdkfjsdfbsjd;fjsdkfjsdfbsjd;fjsdkfjsdfbsjd;fjsdkfjsdfbsjd;fjsdkfjsdfbsjd;fjsdkfjsdfbsjd;fjsdkfjsdfbsjd;fjsdkfjsdfbsjd;fjsdkfjsdfbsjd;fjsdkfjsdfbsjd;fjsdkfjsdfbsjd;fjsdkfjsdfbsjd;fjsdkfjsdfbsjd;fjsdkfjsdfbsjd;fjsdkfjsdfbsjd;fjsdkfjsdfbsjd;fjsdkfjsdfbsjd;fjsdkfjsdfbsjd;fjsdkfjsdfbsjd;fjsdkfjsdfbsjd;fjsdkfjsdfbsjd;fjsdkfjsdfbsjd;fjsdkfjsdfbsjd;fjsdkfjsdfbsjd;fjsdkfjsdfbsjd;fjsdkfjsdfbsjd;fjsdkfjsdfbsjd;fjsdkfjsdfbsjd;fjsdkfjsdfbsjd;fjsdkfjsdfbsjd;fjsdkfjsdfbsjd;fjsdkfjsdfbsjd;fjsdkfjsdfbsjd;fjsdkfjsdfbsjd;fjsdkfjsdfbsjd;fjsdkfjsdfbsjd;fjsdkfjsdfbsjd;fjsdkfjsdfbsjd;fjsdkfjsdfbsjd;fjsdkfjsdfbsjd;fjsdkfjsdfbsjd;fjsdkfjsdfbsjd;fjsdkfjsdfbsjd;fjsdkfjsdfbsjd;fjsdkfjsdfbsjd;fjsdkfjsdfbsjd;fjsdkfjsdfbsjd;fjsdkfjsdfbsjd;fjsdkfjsdfbsjd;fjsdkfjsdfbsjd;fjsdkfjsdfbsjd;fjsdkfjsdfbsjd;fjsdkfjsdfbsjd;fjsdkfjsdfbsjd;fjsdkfjsdfbsjd;fjsdkfjsdfbsjd;fjsdkfjsdfbsjd;fjsdkfjsdfbsjd;fjsdkfjsdfbsjd;fjsdkfjsdfbsjd;fjsdkfjsdfbsjd;fjsdkfjsdfbsjd;fjsdkfjsdfbsjd;fjsdkfjsdfbsjd;fjsdkfjsdfbsjd;fjsdkfjsdfbsjd;fjsdkfjsdfbsjd;fjsdkfjsdfbsjd;fjsdkfjsdfbsjd;fjsdkfjsdfbsjd;fjsdkfjsdfbsjd;fjsdkfjsdfbsjd;fjsdkfjsdfbsjd;fjsdkfjsdfbsjd;fjsdkfjsdfbsjd;fjsdkfjsdfbsjd;fjsdkfjsdfbsjd;fjsdkfjsdfbsjd;fjsdkfjsdfbsjd;fjsdkfjsdfbsjd;fjsdkfjsdfbsjd;fjsdkfjsdfbsjd;fjsdkfjsdfbsjd;fjsdkfjsdfbsjd;fjsdkfjsdfbsjd;fjsdkfjsdfbsjd;fjsdkfjsdfbsjd;fjsdkfjsdfbsjd;fjsdkfjsdfbsjd;fjsdkfjsdfbsjd;fjsdkfjsdfbsjd;fjsdkfjsdfbsjd;fjsdkfjsdfbsjd;fjsdkfjsdfbsjd;fjsdkfjsdfbsjd;fjsdkfjsdfbsjd;fjsdkfjsdfbsjd;fjsdkfjsdfbsjd;fjsdkfjsdfbsjd;fjsdkfjsdfbsjd;fjsdkfjsdfbsjd;fjsdkfjsdfbsjd;fjsdkfjsdfbsjd;fjsdkfjsdfbsjd;fjsdkfjsdfbsjd;fjsdkfjsdfbsjd;fjsdkfjsdfbsjd;fjsdkfjsdfbsjd;fjsdkfjsdfbsjd;fjsdkfjsdfbsjd;fjsdkfjsdfbsjd;fjsdkfjsdfbsjd;fjsdkfjsdfbsjd;fjsdkfjsdfbsjd;fjsdkfjsdfbsjd;fjsdkfjsdfbsjd;fjsdkfjsdfbsjd;fjsdkfjsdfbsjd;fjsdkfjsdfbsjd;fjsdkfjsdfbsjd;fjsdkfjsdfbsjd;fjsdkfjsdfbsjd;fjsdkfjsdfbsjd;fjsdkfjsdfbsjd;fjsdkfjsdfbsjd;fjsdkfjsdfbsjd;fjsdkfjsdfbsjd;fjsdkfjsdfbsjd;fjsdkfjsdfbsjd;fjsdkfjsdfbsjd;fjsdkfjsdfbsjd;fjsdkfjsdfbsjd;fjsdkfjsdfbsjd;fjsdkfjsdfbsjd;fjsdkfjsdfbsjd;fjsdkfjsdfbsjd;fjsdkfjsdfbsjd;fjsdkfjsdfbsjd;fjsdkfjsdfbsjd;fjsdkfjsdfbsjd;fjsdkfjsdfbsjd;fjsdkfjsdfbsjd;fjsdkfjsdfbsjd;fjsdkfjsdfbsjd;fjsdkfjsdfbsjd;fjsdkfjsdfbsjd;fjsdkfjsdfbsjd;fjsdkfjsdfbsjd;fjsdkfjsdfbsjd;fjsdkfjsdfbsjd;fjsdkfjsdfbsjd;fjsdkfjsdfbsjd;fjsdkfjsdfbsjd;fjsdkfjsdfbsjd;fjsdkfjsdfbsjd;fjsdkfjsdfbsjd;fjsdkfjsdfbsjd;fjsdkfjsdfbsjd;fjsdkfjsdfbsjd;fjsdkfjsdfbsjd;fjsdkfjsdfbsjd;fjsdkfjsdfbsjd;fjsdkfjsdfbsjd;fjsdkfjsdfbsjd;fjsdkfjsdfbsjd;fjsdkfjsdfbsjd;fjsdkfjsdfbsjd;fjsdkfjsdfbsjd;fjsdkfjsdfbsjd;fjsdkfjsdfbsjd;fjsdkfjsdfbsjd;fjsdkfjsdfbsjd;fjsdkfjsdfbsjd;fjsdkfjsdfbsjd;fjsdkfjsdfbsjd;fjsdkfjsdfbsjd;fjsdkfjsdfbsjd;fjsdkfjsdfbsjd;fjsdkfjsdfbsjd;fjsdkfjsdfbsjd;fjsdkfjsdfbsjd;fjsdkfjsdfbsjd;fjsdkfjsdfbsjd;fjsdkfjsdfbsjd;fjsdkfjsdfbsjd;fjsdkfjsdfbsjd;fjsdkfjsdfbsjd;fjsdkfjsdfbsjd;fjsdkfjsdfbsjd;fjsdkfjsdfbsjd;fjsdkfjsdfbsjd;fjsdkfjsdfbsjd;fjsdkfjsdfbsjd;fjsdkfjsdfbsjd;fjsdkfjsdfbsjd;fjsdkfjsdfbsjd;fjsdkfjsdfbsjd;fjsdkfjsdfbsjd;fjsdkfjsdfbsjd;fjsdkfjsdfbsjd;fjsdkfjsdfbsjd;fjsdkfjsdfbsjd;fjsdkfjsdfbsjd;fjsdkfjsdfbsjd;fjsdkfjsdfbsjd;fjsdkfjsdfbsjd;fjsdkfjsdfbsjd;fjsdkfjsdfbsjd;fjsdkfjsdfbsjd;fjsdkfjsdfbsjd;fjsdkfjsdfbsjd;fjsdkfjsdfbsjd;fjsdkfjsdfbsjd;fjsdkfjsdfbsjd;fjsdkfjsdfbsjd;fjsdkfjsdfbsjd;fjsdkfjsdfbsjd;fjsdkfjsdfbsjd;fjsdkfjsdfbsjd;fjsdkfjsdfbsjd;fjsdkfjsdfbsjd;fjsdkfjsdfbsjd;fjsdkfjsdfbsjd;fjsdkfjsdfbsjd;fjsdkfjsdfbsjd;fjsdkfjsdfbsjd;fjsdkfjsdfbsjd;fjsdkfjsdfbsjd;fjsdkfjsdfbsjd;fjsdkfjsdfbsjd;fjsdkfjsdfbsjd;fjsdkfjsdfbsjd;fjsdkfjsdfbsjd;fjsdkfjsdfbsjd;fjsdkfjsdfbsjd;fjsdkfjsdfbsjd;fjsdkfjsdfbsjd;fjsdkfjsdfbsjd;fjsdkfjsdfbsjd;fjsdkfjsdfbsjd;fjsdkfjsdfbsjd;fjsdkfjsdfbsjd;fjsdkfjsdfbsjd;fjsdkfjsdfbsjd;fjsdkfjsdfbsjd;fjsdkfjsdfbsjd;fjsdkfjsdfbsjd;fjsdkfjsdfbsjd;fjsdkfjsdfbsjd;fjsdkfjsdfbsjd;fjsdkfjsdfbsjd;fjsdkfjsdfbsjd;fjsdkfjsdfbsjd;fjsdkfjsdfbsjd;fjsdkfjsdfbsjd;fjsdkfjsdfbsjd;fjsdkfjsdfbsjd;fjsdkfjsdfbsjd;fjsdkfjsdfbsjd;fjsdkfjsdfbsjd;fjsdkfjsdfbsjd;fjsdkfjsdfbsjd;fjsdkfjsdfbsjd;fjsdkfjsdfbsjd;fjsdkfjsdfbsjd;fjsdkfjsdfbsjd;fjsdkfjsdfbsjd;fjsdkfjsdfbsjd;fjsdkfjsdfbsjd;fjsdkfjsdfbsjd;fjsdkfjsdfbsjd;fjsdkfjsdfbsjd;fjsdkfjsdfbsjd;fjsdkfjsdfbsjd;fjsdkfjsdfbsjd;fjsdkfjsdfbsjd;fjsdkfjsdfbsjd;fjsdkfjsdfbsjd;fjsdkfjsdfbsjd;fjsdkfjsdfbsjd;fjsdkfjsdfbsjd;fjsdkfjsdfbsjd;fjsdkfjsdfbsjd;fjsdkfjsdfbsjd;fjsdkfjsdfbsjd;fjsdkfjsdfbsjd;fjsdkfjsdfbsjd;fjsdkfjsdfbsjd;fjsdkfjsdfbsjd;fjsdkfjsdfbsjd;fjsdkfjsdfbsjd;fjsdkfjsdfbsjd;fjsdkfjsdfbsjd;fjsdkfjsdfbsjd;fjsdkfjsdfbsjd;fjsdkfjsdfbsjd;fjsdkfjsdfbsjd;fjsdkfjsdfbsjd;fjsdkfjsdfbsjd;fjsdkfjsdfbsjd;fjsdkfjsdfbsjd;fjsdkfjsdfbsjd;fjsdkfjsdfbsjd;fjsdkfjsdfbsjd;fjsdkfjsdfbsjd;fjsdkfjsdfbsjd;fjsdkfjsdfbsjd;fjsdkfjsdfbsjd;fjsdkfjsdfbsjd;fjsdkfjsdfbsjd;fjsdkfjsdfbsjd;fjsdkfjsdfbsjd;fjsdkfjsdfbsjd;fjsdkfjsdfbsjd;fjsdkfjsdfbsjd;fjsdkfjsdfbsjd;fjsdkfjsdfbsjd;fjsdkfj
sdfbsjd;fjsdkfjsdfbsjd;fjsdkfjsdfbsjd;fjsdkfjsdfbsjd;fjsdkfjsdfbsjd;fjsdkfjsdfbsjd;fjsdkfjsdfbsjd;fjsdkfjsdfbsjd;fjsdkfjsdfbsjd;fjsdkfjsdfbsjd;fjsdkfjsdfbsjd;fjsdkfjsdfbsjd;fjsdkfjsdfbsjd;fjsdkfjsdfbsjd;fjsdkfjsdfbsjd;fjsdkfjsdfbsjd;fjsdkfjsdfbsjd;fjsdkfjsdfbsjd;fjsdkfjsdfbsjd;fjsdkfjsdfbsjd;fjsdkfjsdfbsjd;fjsdkfjsdfbsjd;fjsdkfjsdfbsjd;fjsdkfjsdfbsjd;fjsdkfj
sdfbsjd;fjsdkfjsdfbsjd;fjsdkfjsdfbsjd;fjsdkfjsdfbsjd;fjsdkfjsdfbsjd;fjsdkfjsdfbsjd;fjsdkfjsdfbsjd;fjsdkfjsdfbsjd;fjsdkfjsdfbsjd;fjsdkfjsdfbsjd;fjsdkfjsdfbsjd;fjsdkfjsdfbsjd;fjsdkfjsdfbsjd;fjsdkfjsdfbsjd;fjsdkfjsdfbsjd;fjsdkfjsdfbsjd;fjsdkfjsdfbsjd;fjsdkfjsdfbsjd;fjsdkfjsdfbsjd;fjsdkfjsdfbsjd;fjsdkfjsdfbsjd;fjsdkfjsdfbsjd;fjsdkfjsdfbsjd;fjsdkfjsdfbsjd;fjsdkfj
sdfbsjd;fjsdkfjsdfbsjd;fjsdkfjsdfbsjd;fjsdkfjsdfbsjd;fjsdkfjsdfbsjd;fjsdkfjsdfbsjd;fjsdkfjsdfbsjd;fjsdkfjsdfbsjd;fjsdkfjsdfbsjd;fjsdkfjsdfbsjd;fjsdkfjsdfbsjd;fjsdkfjsdfbsjd;fjsdkfjsdfbsjd;fjsdkfjsdfbsjd;fjsdkfjsdfbsjd;fjsdkfjsdfbsjd;fjsdkfjsdfbsjd;fjsdkfjsdfbsjd;fjsdkfjsdfbsjd;fjsdkfjsdfbsjd;fjsdkfjsdfbsjd;fjsdkfjsdfbsjd;fjsdkfjsdfbsjd;fjsdkfjsdfbsjd;fjsdkfj
sdfbsjd;fjsdkfjsdfbsjd;fjsdkfjsdfbsjd;fjsdkfjsdfbsjd;fjsdkfjsdfbsjd;fjsdkfjsdfbsjd;fjsdkfjsdfbsjd;fjsdkfjsdfbsjd;fjsdkfjsdfbsjd;fjsdkfjsdfbsjd;fjsdkfjsdfbsjd;fjsdkfjsdfbsjd;fjsdkfjsdfbsjd;fjsdkfjsdfbsjd;fjsdkfjsdfbsjd;fjsdkfjsdfbsjd;fjsdkfjsdfbsjd;fjsdkfjsdfbsjd;fjsdkfjsdfbsjd;fjsdkfjsdfbsjd;fjsdkfjsdfbsjd;fjsdkfjsdfbsjd;fjsdkfjsdfbsjd;fjsdkfjsdfbsjd;fjsdkfjsdfbsjd;fjsdkfjsdfbsjd;fjsdkfjsdfbsjd;fjsdkfjsdfbsjd;fjsdkfjsdfbsjd;fjsdkfjsdfbsjd;fjsdkfjsdfbsjd;fjsdkfjsdfbsjd;fjsdkfjsdfbsjd;fjsdkfjsdfbsjd;fjsdkfjsdfbsjd;fjsdkfjsdfbsjd;fjsdkfjsdfbsjd;fjsdkfjsdfbsjd;fjsdkfjsdfbsjd;fjsdkfjsdfbsjd;fjsdkfjsdfbsjd;fjsdkfjsdfbsjd;fjsdkfjsdfbsjd;fjsdkfjsdfbsjd;fjsdkfjsdfbsjd;fjsdkfjsdfbsjd;fjsdkfjsdfbsjd;fjsdkfjsdfbsjd;fjsdkfjsdfbsjd;fjsdkfjsdfbsjd;fjsdkfjsdfbsjd;fjsdkfjsdfbsjd;fjsdkfjsdfbsjd;fjsdkfjsdfbsjd;fjsdkfjsdfbsjd;fjsdkfjsdfbsjd;fjsdkfjsdfbsjd;fjsdkfjsdfbsjd;fjsdkfjsdfbsjd;fjsdkfjsdfbsjd;fjsdkfjsdfbsjd;fjsdkfjsdfbsjd;fjsdkfjsdfbsjd;fjsdkfjsdfbsjd;fjsdkfjsdfbsjd;fjsdkfjsdfbsjd;fjsdkfjsdfbsjd;fjsdkfjsdfbsjd;fjsdkfjsdfbsjd;fjsdkfjsdfbsjd;fjsdkfjsdfbsjd;fjsdkfjsdfbsjd;fjsdkfjsdfbsjd;fjsdkfjsdfbsjd;fjsdkfjsdfbsjd;fjsdkfjsdfbsjd;fjsdkfjsdfbsjd;fjsdkfjsdfbsjd;fjsdkfjsdfbsjd;fjsdkfjsdfbsjd;fjsdkfjsdfbsjd;fjsdkfjsdfbsjd;fjsdkfjsdfbsjd;fjsdkfjsdfbsjd;fjsdkfjsdfbsjd;fjsdkfjsdfbsjd;fjsdkfjsdfbsjd;fjsdkfjsdfbsjd;fjsdkfjsdfbsjd;fjsdkfjsdfbsjd;fjsdkfjsdfbsjd;fjsdkfjsdfbsjd;fjsdkfjsdfbsjd;fjsdkfjsdfbsjd;fjsdkfjsdfbsjd;fjsdkfjsdfbsjd;fjsdkfjsdfbsjd;fjsdkfjsdfbsjd;fjsdkfjsdfbsjd;fjsdkfjsdfbsjd;fjsdkfjsdfbsjd;fjsdkfjsdfbsjd;fjsdkfjsdfbsjd;fjsdkfjsdfbsjd;fjsdkfjsdfbsjd;fjsdkfjsdfbsjd;fjsdkfjsdfbsjd;fjsdkfjsdfbsjd;fjsdkfjsdfbsjd;fjsdkfjsdfbsjd;fjsdkfjsdfbsjd;fjsdkfjsdfbsjd;fjsdkfjsdfbsjd;fjsdkfjsdfbsjd;fjsdkfjsdfbsjd;fjsdkfjsdfbsjd;fjsdkfjsdfbsjd;fjsdkfjsdfbsjd;fjsdkfjsdfbsjd;fjsdkfjsdfbsjd;fjsdkfjsdfbsjd;fjsdkfjsdfbsjd;fjsdkfjsdfbsjd;fjsdkfjsdfbsjd;fjsdkfjsdfbsjd;fjsdkfjsdfbsjd;fjsdkfjsdfbsjd;fjsdkfjsdfbsjd;fjsdkfjsdfbsjd;fjsdkfjsdfbsjd;fjsdkfjsdfbsjd;fjsdkfjsdfbsjd;fjsdkfjsdfbsjd;fjsdkfjsdfbsjd;fjsdkfjsdfbsjd;fjsdkfjsdfbsjd;fjsdkfjsdfbsjd;fjsdkfjsdfbsjd;fjsdkfjsdfbsjd;fjsdkfjsdfbsjd;fjsdkfjsdfbsjd;fjsdkfjsdfbsjd;fjsdkfjsdfbsjd;fjsdkfjsdfbsjd;fjsdkfjsdfbsjd;fjsdkfjsdfbsjd;fjsdkfjsdfbsjd;fjsdkfjsdfbsjd;fjsdkfjsdfbsjd;fjsdkfjsdfbsjd;fjsdkfjsdfbsjd;fjsdkfjsdfbsjd;fjsdkfjsdfbsjd;fjsdkfjsdfbsjd;fjsdkfjsdfbsjd;fjsdkfjsdfbsjd;fjsdkfjsdfbsjd;fjsdkfjsdfbsjd;fjsdkfjsdfbsjd;fjsdkfjsdfbsjd;fjsdkfjsdfbsjd;fjsdkfjsdfbsjd;fjsdkfjsdfbsjd;fjsdkfjsdfbsjd;fjsdkfjsdfbsjd;fjsdkfjsdfbsjd;fjsdkfjsdfbsjd;fjsdkfjsdfbsjd;fjsdkfjsdfbsjd;fjsdkfjsdfbsjd;fjsdkfjsdfbsjd;fjsdkfjsdfbsjd;fjsdkfjsdfbsjd;fjsdkfjsdfbsjd;fjsdkfjsdfbsjd;fjsdkfjsdfbsjd;fjsdkfjsdfbsjd;fjsdkfjsdfbsjd;fjsdkfjsdfbsjd;fjsdkfjsdfbsjd;fjsdkfjsdfbsjd;fjsdkfjsdfbsjd;fjsdkfjsdfbsjd;fjsdkfjsdfbsjd;fjsdkfjsdfbsjd;fjsdkfjsdfbsjd;fjsdkfjsdfbsjd;fjsdkfjsdfbsjd;fjsdkfjsdfbsjd;fjsdkfjsdfbsjd;fjsdkfjsdfbsjd;fjsdkfjsdfbsjd;fjsdkfjsdfbsjd;fjsdkfjsdfbsjd;fjsdkfjsdfbsjd;fjsdkfjsdfbsjd;fjsdkfjsdfbsjd;fjsdkfjsdfbsjd;fjsdkfjsdfbsjd;fjsdkfjsdfbsjd;fjsdkfjsdfbsjd;fjsdkfjsdfbsjd;fjsdkfjsdfbsjd;fjsdkfjsdfbsjd;fjsdkfjsdfbsjd;fjsdkfjsdfbsjd;fjsdkfjsdfbsjd;fjsdkfjsdfbsjd;fjsdkfjsdfbsjd;fjsdkfjsdfbsjd;fjsdkfjsdfbsjd;fjsdkfjsdfbsjd;fjsdkfjsdfbsjd;fjsdkfjsdfbsjd;fjsdkfjsdfbsjd;fjsdkfjsdfbsjd;fjsdkfjsdfbsjd;fjsdkfjsdfbsjd;fjsdkfjsdfbsjd;fjsdkfjsdfbsjd;fjsdkfjsdfbsjd;fjsdkfjsdfbsjd;fjsdkfjsdfbsjd;fjsdkfjsdfbsjd;fjsdkfjsdfbsjd;fjsdkfjsdfbsjd;fjsdkfjsdfbsjd;fjsdkfjsdfbsjd;fjsdkfjsdfbsjd;fjsdkfjsdfbsjd;fjsdkfjsdfbsjd;fjsdkfjsdfbsjd;fjsdkfjsdfbsjd;fjsdkfjsdfbsjd;fjsdkfjsdfbsjd;fjsdkfjsdfbsjd;fjsdkfjsdfbsjd;fjsdkfjsdfbsjd;fjsdkfjsdfbsjd;fjsdkfjsdfbsjd;fjsdkfjsdfbsjd;fjsdkfjsdfbsjd;fjsdkfjsdfbsjd;fjsdkfjsdfbsjd;fjsdkfjsdfbsjd;fjsdkfjsdfbsjd;fjsdkfjsdfbsjd;fjsdkfjsdfbsjd;fjsdkfjsdfbsjd;fjsdkfjsdfbsjd;fjsdkfjsdfbsjd;fjsdkfjsdfbsjd;fjsdkfjsdfbsjd;fjsdkfjsdfbsjd;fjsdkfjsdfbsjd;fjsdkfjsdfbsjd;fjsdkfjsdfbsjd;fjsdkfjsdfbsjd;fjsdkfjsdfbsjd;fjsdkfjsdfbsjd;fjsdkfjsdfbsjd;fjsdkfjsdfbsjd;fjsdkfjsdfbsjd;fjsdkfjsdfbsjd;fjsdkfjsdfbsjd;fjsdkfjsdfbsjd;fjsdkfjsdfbsjd;fjsdkfjsdfbsjd;fjsdkfjsdfbsjd;fjsdkfjsdfbsjd;fjsdkfjsdfbsjd;fjsdkfjsdfbsjd;fjsdkfjsdfbsjd;fjsdkfjsdfbsjd;fjsdkfjsdfbsjd;fjsdkfjsdfbsjd;fjsdkfjsdfbsjd;fjsdkfjsdfbsjd;fjsdkfjsdfbsjd;fjsdkfjsdfbsjd;fjsdkfjsdfbsjd;fjsdkfjsdfbsjd;fjsdkfjsdfbsjd;fjsdkfjsdfbsjd;fjsdkfjsdfbsjd;fjsdkfjsdfbsjd;fjsdkfjsdfbsjd;fjsdkfjsdfbsjd;fjsdkfjsdfbsjd;fjsdkfjsdfbsjd;fjsdkfjsdfbsjd;fjsdkfjsdfbsjd;fjsdkfjsdfbsjd;fjsdkfjsdfbsjd;fjsdkfjsdfbsjd;fjsdkfjsdfbsjd;fjsdkfjsdfbsjd;fjsdkfjsdfbsjd;fjsdkfjsdfbsjd;fjsdkfjsdfbsjd;fjsdkfjsdfbsjd;fjsdkfjsdfbsjd;fjsdkfjsdfbsjd;fjsdkfjsdfbsjd;fjsdkfjsdfbsjd;fjsdkfjsdfbsjd;fjsdkfjsdfbsjd;fjsdkfjsdfbsjd;fjsdkfjsdfbsjd;fjsdkfjsdfbsjd;fjsdkfjsdfbsjd;fjsdkfjsdfbsjd;fjsdkfjsdfbsjd;fjsdkfjsdfbsjd;fjsdkfjsdfbsjd;fjsdkfjsdfbsjd;fjsdkfjsdfbsjd;fjsdkfjsdfbsjd;fjsdkfjsdfbsjd;fjsdkfjsdfbsjd;fjsdkfjsdfbsjd;fjsdkfjsdfbsjd;fjsdkfjsdfbsjd;fjsdkfjsdfbsjd;fjsdkfjsdfbsjd;fjsdkfjsdfbsjd;fjsdkfjsdfbsjd;fjsdkfjsdfbsjd;fjsdkfjsdfbsjd;fjsdkfjsdfbsjd;fjsdkfjsdfbsjd;fjsdkfjsdfbsjd;fjsdkfjsdfbsjd;fjsdkfjsdfbsjd;fjsdkfjsdfbsjd;fjsdkfjsdfbsjd;fjsdkfjsdfbsjd;fjsdkfjsdfbsjd;fjsdkfjsdfbsjd;fjsdkfjsdfbsjd;fjsdkfjsdfbsjd;fjsdkfjsdfbsjd;fjsdkfjsdfbsjd;fjsdkfjsdfbsjd;fjsdkfjsdfbsjd;fjsdkfjsdfbsjd;fjsdkfjsdfbsjd;fjsdkfjsdfbsjd;fjsdkfjsdfbsjd;fjsdkfjsdfbsjd;fjsdkfjsdfbsjd;fjsdkfjsdfbsjd;fjsdkfjsdfbsjd;fjsdkfjsdfbsjd;fjsdkfjsdfbsjd;fjsdkfjsdfbsjd;fjsdkfjsdfbsjd;fjsdkfjsdfbsjd;fjsdkfjsdfbsjd;fjsdkfjsdfbsjd;fjsdkfjsdfbsjd;fjsdkfjsdfbsjd;fjsdkfjsdfbsjd;fjsdkfjsdfbsjd;fjsdkfjsdfbsjd;fjsdkfjsdfbsjd;fjsdkfjsdfbsjd;fjsdkfjsdfbsjd;fjsdkfjsdfbsjd;fjsdkfjsdfbsjd;fjsdkfjsdfbsjd;fjsdkfjsdfbsjd;fjsdkfjsdfbsjd;fjsdkfjsdfbsjd;fjsdkfjsdfbsjd;fjsdkfjsdfbsjd;fjsdkfjsdfbsjd;fjsdkfjsdfbsjd;fjsdkfjsdfbsjd;fjsdkfjsdfbsjd;fjsdkfjsdfbsjd;fjsdkfjsdfbsjd;fjsdkfjsdfbsjd;fjsdkfjsdfbsjd;fjsdkfjsdfbsjd;fjsdkfjsdfbsjd;fjsdkfjsdfbsjd;fjsdkfjsdfbsjd;fjsdkfjsdfbsjd;fjsdkfjsdfbsjd;fjsdkfjsdfbsjd;fjsdkfjsdfbsjd;fjsdkfjsdfbsjd;fjsdkfjsdfbsjd;fjsdkfjsdfbsjd;fjsdkfjsdfbsjd;fjsdkfjsdfbsjd;fjsdkfjsdfbsjd;fjsdkfjsdfbsjd;fjsdkfjsdfbsjd;fjsdkfjsdfbsjd;fjsdkfjsdfbsjd;fjsdkfjsdfbsjd;fjsdkfjsdfbsjd;fjsdkfjsdfbsjd;fjsdkfjsdfbsjd;fjsdkfjsdfbsjd;fjsdkfjsdfbsjd;fjsdkfjsdfbsjd;fjsdkfjsdfbsjd;fjsdkfjsdfbsjd;fjsdkfjsdfbsjd;fjsdkfjsdfbsjd;fjsdkfjsdfbsjd;fjsdkfjsdfbsjd;fjsdkfjsdfbsjd;fjsdkfjsdfbsjd;fjsdkfjsdfbsjd;fjsdkfjsdfbsjd;fjsdkfjsdfbsjd;fjsdkfjsdfbsjd;fjsdkfjsdfbsjd;fjsdkfjsdfbsjd;fjsdkfjsdfbsjd;fjsdkfjsdfbsjd;fjsdkfjsdfbsjd;fjsdkfjsdfbsjd;fjsdkfjsdfbsjd;fjsdkfjsdfbsjd;fjsdkfjsdfbsjd;fjsdkfjsdfbsjd;fjsdkfjsdfbsjd;fjsdkfjsdfbsjd;fjsdkfjsdfbsjd;fjsdkfjsdfbsjd;fjsdkfjsdfbsjd;fjsdkfjsdfbsjd;fjsdkfjsdfbsjd;fjsdkfjsdfbsjd;fjsdkfjsdfbsjd;fjsdkfjsdfbsjd;fjsdkfjsdfbsjd;fjsdkfjsdfbsjd;fjsdkfjsdfbsjd;fjsdkfjsdfbsjd;fjsdkfjsdfbsjd;fjsdkfjsdfbsjd;fjsdkfjsdfbsjd;fjsdkfjsdfbsjd;fjsdkfjsdfbsjd;fjsdkfjsdfbsjd;fjsdkfjsdfbsjd;fjsdkfjsdfbsjd;fjsdkfjsdfbsjd;fjsdkfjsdfbsjd;fjsdkfjsdfbsjd;fjsdkfjsdfbsjd;fjsdkfjsdfbsjd;fjsdkfjsdfbsjd;fjsdkfjsdfbsjd;fjsdkfjsdfbsjd;fjsdkfjsdfbsjd;fjsdkfjsdfbsjd;fjsdkfjsdfbsjd;fjsdkfjsdfbsjd;fjsdkfjsdfbsjd;fjsdkfjsdfbsjd;fjsdkfjsdfbsjd;fjsdkfjsdfbsjd;fjsdkfjsdfbsjd;fjsdkfjsdfbsjd;fjsdkfjsdfbsjd;fjsdkfjsdfbsjd;fjsdkfjsdfbsjd;fjsdkfjsdfbsjd;fjsdkfjsdfbsjd;fjsdkfjsdfbsjd;fjsdkfjsdfbsjd;fjsdkfjsdfbsjd;fjsdkfjsdfbsjd;fjsdkfjsdfbsjd;fjsdkfjsdfbsjd;fjsdkfjsdfbsjd;fjsdkfjsdfbsjd;fjsdkfjsdfbsjd;fjsdkfjsdfbsjd;fjsdkfjsdfbsjd;fjsdkfjsdfbsjd;fjsdkfjsdfbsjd;fjsdkfjsdfbsjd;fjsdkfjsdfbsjd;fjsdkfjsdfbsjd;fjsdkfjsdfbsjd;fjsdkfjsdfbsjd;fjsdkfjsdfbsjd;fjsdkfjsdfbsjd;fjsdkfjsdfbsjd;fjsdkfjsdfbsjd;fjsdkfjsdfbsjd;fjsdkfjsdfbsjd;fjsdkfjsdfbsjd;fjsdkfjsdfbsjd;fjsdkfjsdfbsjd;fjsdkfjsdfbsjd;fjsdkfj
sdfbsjd;fjsdkfjsdfbsjd;fjsdkfjsdfbsjd;fjsdkfjsdfbsjd;fjsdkfjsdfbsjd;fjsdkfjsdfbsjd;fjsdkfjsdfbsjd;fjsdkfjsdfbsjd;fjsdkfjsdfbsjd;fjsdkfjsdfbsjd;fjsdkfjsdfbsjd;fjsdkfjsdfbsjd;fjsdkfjsdfbsjd;fjsdkfjsdfbsjd;fjsdkfjsdfbsjd;fjsdkfjsdfbsjd;fjsdkfjsdfbsjd;fjsdkfjsdfbsjd;fjsdkfjsdfbsjd;fjsdkfjsdfbsjd;fjsdkfjsdfbsjd;fjsdkfjsdfbsjd;fjsdkfjsdfbsjd;fjsdkfjsdfbsjd;fjsdkfj
sdfbsjd;fjsdkfjsdfbsjd;fjsdkfjsdfbsjd;fjsdkfjsdfbsjd;fjsdkfjsdfbsjd;fjsdkfjsdfbsjd;fjsdkfjsdfbsjd;fjsdkfjsdfbsjd;fjsdkfjsdfbsjd;fjsdkfjsdfbsjd;fjsdkfjsdfbsjd;fjsdkfjsdfbsjd;fjsdkfjsdfbsjd;fjsdkfjsdfbsjd;fjsdkfjsdfbsjd;fjsdkfjsdfbsjd;fjsdkfjsdfbsjd;fjsdkfjsdfbsjd;fjsdkfjsdfbsjd;fjsdkfjsdfbsjd;fjsdkfjsdfbsjd;fjsdkfjsdfbsjd;fjsdkfjsdfbsjd;fjsdkfjsdfbsjd;fjsdkfj
sdfbsjd;fjsdkfjsdfbsjd;fjsdkfjsdfbsjd;fjsdkfjsdfbsjd;fjsdkfjsdfbsjd;fjsdkfjsdfbsjd;fjsdkfjsdfbsjd;fjsdkfjsdfbsjd;fjsdkfjsdfbsjd;fjsdkfjsdfbsjd;fjsdkfjsdfbsjd;fjsdkfjsdfbsjd;fjsdkfjsdfbsjd;fjsdkfjsdfbsjd;fjsdkfjsdfbsjd;fjsdkfjsdfbsjd;fjsdkfjsdfbsjd;fjsdkfjsdfbsjd;fjsdkfjsdfbsjd;fjsdkfjsdfbsjd;fjsdkfjsdfbsjd;fjsdkfjsdfbsjd;fjsdkfjsdfbsjd;fjsdkfjsdfbsjd;fjsdkfj
